
Microsoft Visual Studio Solution File, Format Version 12.00
# Visual Studio 15
VisualStudioVersion = 15.0.26730.3
MinimumVisualStudioVersion = 10.0.40219.1
Project("{2150E333-8FDC-42A3-9474-1A3956D46DE8}") = "ItemTemplates", "ItemTemplates", "{13D86227-FF2B-45F4-8B51-BF304C4B06BB}"
EndProject
Project("{2150E333-8FDC-42A3-9474-1A3956D46DE8}") = "1031", "1031", "{E0380D8E-9E6E-49FF-AA56-0EE36CE18BCB}"
EndProject
Project("{2150E333-8FDC-42A3-9474-1A3956D46DE8}") = "1033", "1033", "{7B41D15C-999E-4C8A-8348-D6B807325F49}"
EndProject
Project("{2150E333-8FDC-42A3-9474-1A3956D46DE8}") = "Code", "Code", "{C501C73A-9B7B-44DC-9411-DB8469FDDB98}"
EndProject
Project("{2150E333-8FDC-42A3-9474-1A3956D46DE8}") = "Code", "Code", "{97DCDFF3-BD16-4FD7-A1C4-16B00314769C}"
EndProject
Project("{2150E333-8FDC-42A3-9474-1A3956D46DE8}") = "Test", "Test", "{8AA2512F-EDBE-4239-921B-517BF513FDD1}"
EndProject
Project("{2150E333-8FDC-42A3-9474-1A3956D46DE8}") = "Test", "Test", "{2DBED5FF-62B2-4968-98F7-74EF80D46C5C}"
EndProject
Project("{2150E333-8FDC-42A3-9474-1A3956D46DE8}") = "ProjectTemplates", "ProjectTemplates", "{3E60AEBE-8A13-459C-A7C0-024D33A3EDC4}"
EndProject
Project("{2150E333-8FDC-42A3-9474-1A3956D46DE8}") = "1031", "1031", "{EC32D8F7-8854-407A-9EA0-A43F1AA347BB}"
EndProject
Project("{2150E333-8FDC-42A3-9474-1A3956D46DE8}") = "1033", "1033", "{C0F91CD6-3D9D-4D43-8593-DBB50D51A3B5}"
EndProject
Project("{FAE04EC0-301F-11D3-BF4B-00C04F79EFBC}") = "Snippets", "Snippets\Snippets.csproj", "{EC2D5853-C7A5-43B1-99A6-CD82BFF971BD}"
EndProject
Project("{FAE04EC0-301F-11D3-BF4B-00C04F79EFBC}") = "Class", "ItemTemplates\1031\Code\Class\Class.csproj", "{9EFB2F75-EEED-4769-846F-45FC325AB71C}"
EndProject
Project("{FAE04EC0-301F-11D3-BF4B-00C04F79EFBC}") = "Enum", "ItemTemplates\1031\Code\Enum\Enum.csproj", "{E4EF0467-63AA-41AB-B90D-D9537DCF2647}"
EndProject
Project("{FAE04EC0-301F-11D3-BF4B-00C04F79EFBC}") = "EventArgs", "ItemTemplates\1031\Code\EventArgs\EventArgs.csproj", "{7973B155-93A0-499C-BCB8-AB9E5642C4E3}"
EndProject
Project("{FAE04EC0-301F-11D3-BF4B-00C04F79EFBC}") = "Exception", "ItemTemplates\1031\Code\Exception\Exception.csproj", "{84E912CD-313F-4FB4-9851-932D623C5636}"
EndProject
Project("{FAE04EC0-301F-11D3-BF4B-00C04F79EFBC}") = "Interface", "ItemTemplates\1031\Code\Interface\Interface.csproj", "{952BF978-5BFD-4A86-8262-72FA74254B21}"
EndProject
Project("{FAE04EC0-301F-11D3-BF4B-00C04F79EFBC}") = "Singleton", "ItemTemplates\1031\Code\Singleton\Singleton.csproj", "{EB037F2F-81B5-432D-A614-B5B27CA685CA}"
EndProject
Project("{FAE04EC0-301F-11D3-BF4B-00C04F79EFBC}") = "StaticClass", "ItemTemplates\1031\Code\StaticClass\StaticClass.csproj", "{279E6A9C-B66C-450F-BC3A-6055EBE7806A}"
EndProject
Project("{FAE04EC0-301F-11D3-BF4B-00C04F79EFBC}") = "Class", "ItemTemplates\1033\Code\Class\Class.csproj", "{9E033E82-A12F-4EDF-B520-9733B28CED49}"
EndProject
Project("{FAE04EC0-301F-11D3-BF4B-00C04F79EFBC}") = "Enum", "ItemTemplates\1033\Code\Enum\Enum.csproj", "{B16A51BF-CF9E-430D-8630-7EDB8CE95445}"
EndProject
Project("{FAE04EC0-301F-11D3-BF4B-00C04F79EFBC}") = "EventArgs", "ItemTemplates\1033\Code\EventArgs\EventArgs.csproj", "{D3F764CE-50F3-4FAC-82AB-9AEB45E9B838}"
EndProject
Project("{FAE04EC0-301F-11D3-BF4B-00C04F79EFBC}") = "Exception", "ItemTemplates\1033\Code\Exception\Exception.csproj", "{F048B6D6-4296-40B6-AFB0-A75113353813}"
EndProject
Project("{FAE04EC0-301F-11D3-BF4B-00C04F79EFBC}") = "Interface", "ItemTemplates\1033\Code\Interface\Interface.csproj", "{38D1647A-F1E4-4D64-8EA7-DFC184AE9301}"
EndProject
Project("{FAE04EC0-301F-11D3-BF4B-00C04F79EFBC}") = "Singleton", "ItemTemplates\1033\Code\Singleton\Singleton.csproj", "{B14F42FE-BD33-46AA-8648-FCAC190F433C}"
EndProject
Project("{FAE04EC0-301F-11D3-BF4B-00C04F79EFBC}") = "StaticClass", "ItemTemplates\1033\Code\StaticClass\StaticClass.csproj", "{CC62292D-6037-417A-B1D1-D0A65E990172}"
EndProject
Project("{FAE04EC0-301F-11D3-BF4B-00C04F79EFBC}") = "NUnitTestCaseSource", "ItemTemplates\1031\Test\NUnitTestCaseSource\NUnitTestCaseSource.csproj", "{AE925CBB-0FCB-469F-9F50-D442688F2C1F}"
EndProject
Project("{FAE04EC0-301F-11D3-BF4B-00C04F79EFBC}") = "NUnitTest", "ItemTemplates\1031\Test\NUnitTest\NUnitTest.csproj", "{D5140715-7222-4B2B-B911-1AACBE31D112}"
EndProject
Project("{FAE04EC0-301F-11D3-BF4B-00C04F79EFBC}") = "NUnitTestCaseSource", "ItemTemplates\1033\Test\NUnitTestCaseSource\NUnitTestCaseSource.csproj", "{56BC2EDC-23CC-4272-A28A-0F4F50620430}"
EndProject
Project("{FAE04EC0-301F-11D3-BF4B-00C04F79EFBC}") = "NUnitTest", "ItemTemplates\1033\Test\NUnitTest\NUnitTest.csproj", "{B2832E5B-74EE-4AE4-8E7E-333998822381}"
EndProject
Project("{FAE04EC0-301F-11D3-BF4B-00C04F79EFBC}") = "AbstractClass", "ItemTemplates\1033\Code\AbstractClass\AbstractClass.csproj", "{F4DFBFB6-E8A8-4D09-98D3-4EF8699C890E}"
EndProject
Project("{FAE04EC0-301F-11D3-BF4B-00C04F79EFBC}") = "AbstractClass", "ItemTemplates\1031\Code\AbstractClass\AbstractClass.csproj", "{413B85A7-C177-4480-87A5-082E61EFCC24}"
EndProject
Project("{FAE04EC0-301F-11D3-BF4B-00C04F79EFBC}") = "NUnit3ProjectTemplate", "ProjectTemplates\1031\NUnit3ProjectTemplate\NUnit3ProjectTemplate.csproj", "{1BEC6163-9789-4D07-BA65-50727A5BF7FB}"
EndProject
Global
	GlobalSection(SolutionConfigurationPlatforms) = preSolution
		Debug|Android = Debug|Android
		Debug|Any CPU = Debug|Any CPU
		Debug|iOS = Debug|iOS
		Debug|Windows Phone (Universal) = Debug|Windows Phone (Universal)
		Debug|Windows Phone 8 = Debug|Windows Phone 8
		Debug|Windows-AnyCPU = Debug|Windows-AnyCPU
		Debug|Windows-ARM = Debug|Windows-ARM
		Debug|Windows-x64 = Debug|Windows-x64
		Debug|Windows-x86 = Debug|Windows-x86
		Release|Android = Release|Android
		Release|Any CPU = Release|Any CPU
		Release|iOS = Release|iOS
		Release|Windows Phone (Universal) = Release|Windows Phone (Universal)
		Release|Windows Phone 8 = Release|Windows Phone 8
		Release|Windows-AnyCPU = Release|Windows-AnyCPU
		Release|Windows-ARM = Release|Windows-ARM
		Release|Windows-x64 = Release|Windows-x64
		Release|Windows-x86 = Release|Windows-x86
	EndGlobalSection
	GlobalSection(ProjectConfigurationPlatforms) = postSolution
		{EC2D5853-C7A5-43B1-99A6-CD82BFF971BD}.Debug|Android.ActiveCfg = Debug|Any CPU
		{EC2D5853-C7A5-43B1-99A6-CD82BFF971BD}.Debug|Android.Build.0 = Debug|Any CPU
		{EC2D5853-C7A5-43B1-99A6-CD82BFF971BD}.Debug|Any CPU.ActiveCfg = Debug|Any CPU
		{EC2D5853-C7A5-43B1-99A6-CD82BFF971BD}.Debug|Any CPU.Build.0 = Debug|Any CPU
		{EC2D5853-C7A5-43B1-99A6-CD82BFF971BD}.Debug|iOS.ActiveCfg = Debug|Any CPU
		{EC2D5853-C7A5-43B1-99A6-CD82BFF971BD}.Debug|iOS.Build.0 = Debug|Any CPU
		{EC2D5853-C7A5-43B1-99A6-CD82BFF971BD}.Debug|Windows Phone (Universal).ActiveCfg = Debug|Any CPU
		{EC2D5853-C7A5-43B1-99A6-CD82BFF971BD}.Debug|Windows Phone (Universal).Build.0 = Debug|Any CPU
		{EC2D5853-C7A5-43B1-99A6-CD82BFF971BD}.Debug|Windows Phone 8.ActiveCfg = Debug|Any CPU
		{EC2D5853-C7A5-43B1-99A6-CD82BFF971BD}.Debug|Windows Phone 8.Build.0 = Debug|Any CPU
		{EC2D5853-C7A5-43B1-99A6-CD82BFF971BD}.Debug|Windows-AnyCPU.ActiveCfg = Debug|Any CPU
		{EC2D5853-C7A5-43B1-99A6-CD82BFF971BD}.Debug|Windows-AnyCPU.Build.0 = Debug|Any CPU
		{EC2D5853-C7A5-43B1-99A6-CD82BFF971BD}.Debug|Windows-ARM.ActiveCfg = Debug|Any CPU
		{EC2D5853-C7A5-43B1-99A6-CD82BFF971BD}.Debug|Windows-ARM.Build.0 = Debug|Any CPU
		{EC2D5853-C7A5-43B1-99A6-CD82BFF971BD}.Debug|Windows-x64.ActiveCfg = Debug|Any CPU
		{EC2D5853-C7A5-43B1-99A6-CD82BFF971BD}.Debug|Windows-x64.Build.0 = Debug|Any CPU
		{EC2D5853-C7A5-43B1-99A6-CD82BFF971BD}.Debug|Windows-x86.ActiveCfg = Debug|Any CPU
		{EC2D5853-C7A5-43B1-99A6-CD82BFF971BD}.Debug|Windows-x86.Build.0 = Debug|Any CPU
		{EC2D5853-C7A5-43B1-99A6-CD82BFF971BD}.Release|Android.ActiveCfg = Release|Any CPU
		{EC2D5853-C7A5-43B1-99A6-CD82BFF971BD}.Release|Android.Build.0 = Release|Any CPU
		{EC2D5853-C7A5-43B1-99A6-CD82BFF971BD}.Release|Any CPU.ActiveCfg = Release|Any CPU
		{EC2D5853-C7A5-43B1-99A6-CD82BFF971BD}.Release|iOS.ActiveCfg = Release|Any CPU
		{EC2D5853-C7A5-43B1-99A6-CD82BFF971BD}.Release|iOS.Build.0 = Release|Any CPU
		{EC2D5853-C7A5-43B1-99A6-CD82BFF971BD}.Release|Windows Phone (Universal).ActiveCfg = Release|Any CPU
		{EC2D5853-C7A5-43B1-99A6-CD82BFF971BD}.Release|Windows Phone (Universal).Build.0 = Release|Any CPU
		{EC2D5853-C7A5-43B1-99A6-CD82BFF971BD}.Release|Windows Phone 8.ActiveCfg = Release|Any CPU
		{EC2D5853-C7A5-43B1-99A6-CD82BFF971BD}.Release|Windows Phone 8.Build.0 = Release|Any CPU
		{EC2D5853-C7A5-43B1-99A6-CD82BFF971BD}.Release|Windows-AnyCPU.ActiveCfg = Release|Any CPU
		{EC2D5853-C7A5-43B1-99A6-CD82BFF971BD}.Release|Windows-AnyCPU.Build.0 = Release|Any CPU
		{EC2D5853-C7A5-43B1-99A6-CD82BFF971BD}.Release|Windows-ARM.ActiveCfg = Release|Any CPU
		{EC2D5853-C7A5-43B1-99A6-CD82BFF971BD}.Release|Windows-ARM.Build.0 = Release|Any CPU
		{EC2D5853-C7A5-43B1-99A6-CD82BFF971BD}.Release|Windows-x64.ActiveCfg = Release|Any CPU
		{EC2D5853-C7A5-43B1-99A6-CD82BFF971BD}.Release|Windows-x64.Build.0 = Release|Any CPU
		{EC2D5853-C7A5-43B1-99A6-CD82BFF971BD}.Release|Windows-x86.ActiveCfg = Release|Any CPU
		{EC2D5853-C7A5-43B1-99A6-CD82BFF971BD}.Release|Windows-x86.Build.0 = Release|Any CPU
		{9EFB2F75-EEED-4769-846F-45FC325AB71C}.Debug|Android.ActiveCfg = Debug|Any CPU
		{9EFB2F75-EEED-4769-846F-45FC325AB71C}.Debug|Android.Build.0 = Debug|Any CPU
		{9EFB2F75-EEED-4769-846F-45FC325AB71C}.Debug|Any CPU.ActiveCfg = Debug|Any CPU
		{9EFB2F75-EEED-4769-846F-45FC325AB71C}.Debug|Any CPU.Build.0 = Debug|Any CPU
		{9EFB2F75-EEED-4769-846F-45FC325AB71C}.Debug|iOS.ActiveCfg = Debug|Any CPU
		{9EFB2F75-EEED-4769-846F-45FC325AB71C}.Debug|iOS.Build.0 = Debug|Any CPU
		{9EFB2F75-EEED-4769-846F-45FC325AB71C}.Debug|Windows Phone (Universal).ActiveCfg = Debug|Any CPU
		{9EFB2F75-EEED-4769-846F-45FC325AB71C}.Debug|Windows Phone (Universal).Build.0 = Debug|Any CPU
		{9EFB2F75-EEED-4769-846F-45FC325AB71C}.Debug|Windows Phone 8.ActiveCfg = Debug|Any CPU
		{9EFB2F75-EEED-4769-846F-45FC325AB71C}.Debug|Windows Phone 8.Build.0 = Debug|Any CPU
		{9EFB2F75-EEED-4769-846F-45FC325AB71C}.Debug|Windows-AnyCPU.ActiveCfg = Debug|Any CPU
		{9EFB2F75-EEED-4769-846F-45FC325AB71C}.Debug|Windows-AnyCPU.Build.0 = Debug|Any CPU
		{9EFB2F75-EEED-4769-846F-45FC325AB71C}.Debug|Windows-ARM.ActiveCfg = Debug|Any CPU
		{9EFB2F75-EEED-4769-846F-45FC325AB71C}.Debug|Windows-ARM.Build.0 = Debug|Any CPU
		{9EFB2F75-EEED-4769-846F-45FC325AB71C}.Debug|Windows-x64.ActiveCfg = Debug|Any CPU
		{9EFB2F75-EEED-4769-846F-45FC325AB71C}.Debug|Windows-x64.Build.0 = Debug|Any CPU
		{9EFB2F75-EEED-4769-846F-45FC325AB71C}.Debug|Windows-x86.ActiveCfg = Debug|Any CPU
		{9EFB2F75-EEED-4769-846F-45FC325AB71C}.Debug|Windows-x86.Build.0 = Debug|Any CPU
		{9EFB2F75-EEED-4769-846F-45FC325AB71C}.Release|Android.ActiveCfg = Release|Any CPU
		{9EFB2F75-EEED-4769-846F-45FC325AB71C}.Release|Android.Build.0 = Release|Any CPU
		{9EFB2F75-EEED-4769-846F-45FC325AB71C}.Release|Any CPU.ActiveCfg = Release|Any CPU
		{9EFB2F75-EEED-4769-846F-45FC325AB71C}.Release|Any CPU.Build.0 = Release|Any CPU
		{9EFB2F75-EEED-4769-846F-45FC325AB71C}.Release|iOS.ActiveCfg = Release|Any CPU
		{9EFB2F75-EEED-4769-846F-45FC325AB71C}.Release|iOS.Build.0 = Release|Any CPU
		{9EFB2F75-EEED-4769-846F-45FC325AB71C}.Release|Windows Phone (Universal).ActiveCfg = Release|Any CPU
		{9EFB2F75-EEED-4769-846F-45FC325AB71C}.Release|Windows Phone (Universal).Build.0 = Release|Any CPU
		{9EFB2F75-EEED-4769-846F-45FC325AB71C}.Release|Windows Phone 8.ActiveCfg = Release|Any CPU
		{9EFB2F75-EEED-4769-846F-45FC325AB71C}.Release|Windows Phone 8.Build.0 = Release|Any CPU
		{9EFB2F75-EEED-4769-846F-45FC325AB71C}.Release|Windows-AnyCPU.ActiveCfg = Release|Any CPU
		{9EFB2F75-EEED-4769-846F-45FC325AB71C}.Release|Windows-AnyCPU.Build.0 = Release|Any CPU
		{9EFB2F75-EEED-4769-846F-45FC325AB71C}.Release|Windows-ARM.ActiveCfg = Release|Any CPU
		{9EFB2F75-EEED-4769-846F-45FC325AB71C}.Release|Windows-ARM.Build.0 = Release|Any CPU
		{9EFB2F75-EEED-4769-846F-45FC325AB71C}.Release|Windows-x64.ActiveCfg = Release|Any CPU
		{9EFB2F75-EEED-4769-846F-45FC325AB71C}.Release|Windows-x64.Build.0 = Release|Any CPU
		{9EFB2F75-EEED-4769-846F-45FC325AB71C}.Release|Windows-x86.ActiveCfg = Release|Any CPU
		{9EFB2F75-EEED-4769-846F-45FC325AB71C}.Release|Windows-x86.Build.0 = Release|Any CPU
		{E4EF0467-63AA-41AB-B90D-D9537DCF2647}.Debug|Android.ActiveCfg = Debug|Any CPU
		{E4EF0467-63AA-41AB-B90D-D9537DCF2647}.Debug|Android.Build.0 = Debug|Any CPU
		{E4EF0467-63AA-41AB-B90D-D9537DCF2647}.Debug|Any CPU.ActiveCfg = Debug|Any CPU
		{E4EF0467-63AA-41AB-B90D-D9537DCF2647}.Debug|Any CPU.Build.0 = Debug|Any CPU
		{E4EF0467-63AA-41AB-B90D-D9537DCF2647}.Debug|iOS.ActiveCfg = Debug|Any CPU
		{E4EF0467-63AA-41AB-B90D-D9537DCF2647}.Debug|iOS.Build.0 = Debug|Any CPU
		{E4EF0467-63AA-41AB-B90D-D9537DCF2647}.Debug|Windows Phone (Universal).ActiveCfg = Debug|Any CPU
		{E4EF0467-63AA-41AB-B90D-D9537DCF2647}.Debug|Windows Phone (Universal).Build.0 = Debug|Any CPU
		{E4EF0467-63AA-41AB-B90D-D9537DCF2647}.Debug|Windows Phone 8.ActiveCfg = Debug|Any CPU
		{E4EF0467-63AA-41AB-B90D-D9537DCF2647}.Debug|Windows Phone 8.Build.0 = Debug|Any CPU
		{E4EF0467-63AA-41AB-B90D-D9537DCF2647}.Debug|Windows-AnyCPU.ActiveCfg = Debug|Any CPU
		{E4EF0467-63AA-41AB-B90D-D9537DCF2647}.Debug|Windows-AnyCPU.Build.0 = Debug|Any CPU
		{E4EF0467-63AA-41AB-B90D-D9537DCF2647}.Debug|Windows-ARM.ActiveCfg = Debug|Any CPU
		{E4EF0467-63AA-41AB-B90D-D9537DCF2647}.Debug|Windows-ARM.Build.0 = Debug|Any CPU
		{E4EF0467-63AA-41AB-B90D-D9537DCF2647}.Debug|Windows-x64.ActiveCfg = Debug|Any CPU
		{E4EF0467-63AA-41AB-B90D-D9537DCF2647}.Debug|Windows-x64.Build.0 = Debug|Any CPU
		{E4EF0467-63AA-41AB-B90D-D9537DCF2647}.Debug|Windows-x86.ActiveCfg = Debug|Any CPU
		{E4EF0467-63AA-41AB-B90D-D9537DCF2647}.Debug|Windows-x86.Build.0 = Debug|Any CPU
		{E4EF0467-63AA-41AB-B90D-D9537DCF2647}.Release|Android.ActiveCfg = Release|Any CPU
		{E4EF0467-63AA-41AB-B90D-D9537DCF2647}.Release|Android.Build.0 = Release|Any CPU
		{E4EF0467-63AA-41AB-B90D-D9537DCF2647}.Release|Any CPU.ActiveCfg = Release|Any CPU
		{E4EF0467-63AA-41AB-B90D-D9537DCF2647}.Release|Any CPU.Build.0 = Release|Any CPU
		{E4EF0467-63AA-41AB-B90D-D9537DCF2647}.Release|iOS.ActiveCfg = Release|Any CPU
		{E4EF0467-63AA-41AB-B90D-D9537DCF2647}.Release|iOS.Build.0 = Release|Any CPU
		{E4EF0467-63AA-41AB-B90D-D9537DCF2647}.Release|Windows Phone (Universal).ActiveCfg = Release|Any CPU
		{E4EF0467-63AA-41AB-B90D-D9537DCF2647}.Release|Windows Phone (Universal).Build.0 = Release|Any CPU
		{E4EF0467-63AA-41AB-B90D-D9537DCF2647}.Release|Windows Phone 8.ActiveCfg = Release|Any CPU
		{E4EF0467-63AA-41AB-B90D-D9537DCF2647}.Release|Windows Phone 8.Build.0 = Release|Any CPU
		{E4EF0467-63AA-41AB-B90D-D9537DCF2647}.Release|Windows-AnyCPU.ActiveCfg = Release|Any CPU
		{E4EF0467-63AA-41AB-B90D-D9537DCF2647}.Release|Windows-AnyCPU.Build.0 = Release|Any CPU
		{E4EF0467-63AA-41AB-B90D-D9537DCF2647}.Release|Windows-ARM.ActiveCfg = Release|Any CPU
		{E4EF0467-63AA-41AB-B90D-D9537DCF2647}.Release|Windows-ARM.Build.0 = Release|Any CPU
		{E4EF0467-63AA-41AB-B90D-D9537DCF2647}.Release|Windows-x64.ActiveCfg = Release|Any CPU
		{E4EF0467-63AA-41AB-B90D-D9537DCF2647}.Release|Windows-x64.Build.0 = Release|Any CPU
		{E4EF0467-63AA-41AB-B90D-D9537DCF2647}.Release|Windows-x86.ActiveCfg = Release|Any CPU
		{E4EF0467-63AA-41AB-B90D-D9537DCF2647}.Release|Windows-x86.Build.0 = Release|Any CPU
		{7973B155-93A0-499C-BCB8-AB9E5642C4E3}.Debug|Android.ActiveCfg = Debug|Any CPU
		{7973B155-93A0-499C-BCB8-AB9E5642C4E3}.Debug|Android.Build.0 = Debug|Any CPU
		{7973B155-93A0-499C-BCB8-AB9E5642C4E3}.Debug|Any CPU.ActiveCfg = Debug|Any CPU
		{7973B155-93A0-499C-BCB8-AB9E5642C4E3}.Debug|Any CPU.Build.0 = Debug|Any CPU
		{7973B155-93A0-499C-BCB8-AB9E5642C4E3}.Debug|iOS.ActiveCfg = Debug|Any CPU
		{7973B155-93A0-499C-BCB8-AB9E5642C4E3}.Debug|iOS.Build.0 = Debug|Any CPU
		{7973B155-93A0-499C-BCB8-AB9E5642C4E3}.Debug|Windows Phone (Universal).ActiveCfg = Debug|Any CPU
		{7973B155-93A0-499C-BCB8-AB9E5642C4E3}.Debug|Windows Phone (Universal).Build.0 = Debug|Any CPU
		{7973B155-93A0-499C-BCB8-AB9E5642C4E3}.Debug|Windows Phone 8.ActiveCfg = Debug|Any CPU
		{7973B155-93A0-499C-BCB8-AB9E5642C4E3}.Debug|Windows Phone 8.Build.0 = Debug|Any CPU
		{7973B155-93A0-499C-BCB8-AB9E5642C4E3}.Debug|Windows-AnyCPU.ActiveCfg = Debug|Any CPU
		{7973B155-93A0-499C-BCB8-AB9E5642C4E3}.Debug|Windows-AnyCPU.Build.0 = Debug|Any CPU
		{7973B155-93A0-499C-BCB8-AB9E5642C4E3}.Debug|Windows-ARM.ActiveCfg = Debug|Any CPU
		{7973B155-93A0-499C-BCB8-AB9E5642C4E3}.Debug|Windows-ARM.Build.0 = Debug|Any CPU
		{7973B155-93A0-499C-BCB8-AB9E5642C4E3}.Debug|Windows-x64.ActiveCfg = Debug|Any CPU
		{7973B155-93A0-499C-BCB8-AB9E5642C4E3}.Debug|Windows-x64.Build.0 = Debug|Any CPU
		{7973B155-93A0-499C-BCB8-AB9E5642C4E3}.Debug|Windows-x86.ActiveCfg = Debug|Any CPU
		{7973B155-93A0-499C-BCB8-AB9E5642C4E3}.Debug|Windows-x86.Build.0 = Debug|Any CPU
		{7973B155-93A0-499C-BCB8-AB9E5642C4E3}.Release|Android.ActiveCfg = Release|Any CPU
		{7973B155-93A0-499C-BCB8-AB9E5642C4E3}.Release|Android.Build.0 = Release|Any CPU
		{7973B155-93A0-499C-BCB8-AB9E5642C4E3}.Release|Any CPU.ActiveCfg = Release|Any CPU
		{7973B155-93A0-499C-BCB8-AB9E5642C4E3}.Release|Any CPU.Build.0 = Release|Any CPU
		{7973B155-93A0-499C-BCB8-AB9E5642C4E3}.Release|iOS.ActiveCfg = Release|Any CPU
		{7973B155-93A0-499C-BCB8-AB9E5642C4E3}.Release|iOS.Build.0 = Release|Any CPU
		{7973B155-93A0-499C-BCB8-AB9E5642C4E3}.Release|Windows Phone (Universal).ActiveCfg = Release|Any CPU
		{7973B155-93A0-499C-BCB8-AB9E5642C4E3}.Release|Windows Phone (Universal).Build.0 = Release|Any CPU
		{7973B155-93A0-499C-BCB8-AB9E5642C4E3}.Release|Windows Phone 8.ActiveCfg = Release|Any CPU
		{7973B155-93A0-499C-BCB8-AB9E5642C4E3}.Release|Windows Phone 8.Build.0 = Release|Any CPU
		{7973B155-93A0-499C-BCB8-AB9E5642C4E3}.Release|Windows-AnyCPU.ActiveCfg = Release|Any CPU
		{7973B155-93A0-499C-BCB8-AB9E5642C4E3}.Release|Windows-AnyCPU.Build.0 = Release|Any CPU
		{7973B155-93A0-499C-BCB8-AB9E5642C4E3}.Release|Windows-ARM.ActiveCfg = Release|Any CPU
		{7973B155-93A0-499C-BCB8-AB9E5642C4E3}.Release|Windows-ARM.Build.0 = Release|Any CPU
		{7973B155-93A0-499C-BCB8-AB9E5642C4E3}.Release|Windows-x64.ActiveCfg = Release|Any CPU
		{7973B155-93A0-499C-BCB8-AB9E5642C4E3}.Release|Windows-x64.Build.0 = Release|Any CPU
		{7973B155-93A0-499C-BCB8-AB9E5642C4E3}.Release|Windows-x86.ActiveCfg = Release|Any CPU
		{7973B155-93A0-499C-BCB8-AB9E5642C4E3}.Release|Windows-x86.Build.0 = Release|Any CPU
		{84E912CD-313F-4FB4-9851-932D623C5636}.Debug|Android.ActiveCfg = Debug|Any CPU
		{84E912CD-313F-4FB4-9851-932D623C5636}.Debug|Android.Build.0 = Debug|Any CPU
		{84E912CD-313F-4FB4-9851-932D623C5636}.Debug|Any CPU.ActiveCfg = Debug|Any CPU
		{84E912CD-313F-4FB4-9851-932D623C5636}.Debug|Any CPU.Build.0 = Debug|Any CPU
		{84E912CD-313F-4FB4-9851-932D623C5636}.Debug|iOS.ActiveCfg = Debug|Any CPU
		{84E912CD-313F-4FB4-9851-932D623C5636}.Debug|iOS.Build.0 = Debug|Any CPU
		{84E912CD-313F-4FB4-9851-932D623C5636}.Debug|Windows Phone (Universal).ActiveCfg = Debug|Any CPU
		{84E912CD-313F-4FB4-9851-932D623C5636}.Debug|Windows Phone (Universal).Build.0 = Debug|Any CPU
		{84E912CD-313F-4FB4-9851-932D623C5636}.Debug|Windows Phone 8.ActiveCfg = Debug|Any CPU
		{84E912CD-313F-4FB4-9851-932D623C5636}.Debug|Windows Phone 8.Build.0 = Debug|Any CPU
		{84E912CD-313F-4FB4-9851-932D623C5636}.Debug|Windows-AnyCPU.ActiveCfg = Debug|Any CPU
		{84E912CD-313F-4FB4-9851-932D623C5636}.Debug|Windows-AnyCPU.Build.0 = Debug|Any CPU
		{84E912CD-313F-4FB4-9851-932D623C5636}.Debug|Windows-ARM.ActiveCfg = Debug|Any CPU
		{84E912CD-313F-4FB4-9851-932D623C5636}.Debug|Windows-ARM.Build.0 = Debug|Any CPU
		{84E912CD-313F-4FB4-9851-932D623C5636}.Debug|Windows-x64.ActiveCfg = Debug|Any CPU
		{84E912CD-313F-4FB4-9851-932D623C5636}.Debug|Windows-x64.Build.0 = Debug|Any CPU
		{84E912CD-313F-4FB4-9851-932D623C5636}.Debug|Windows-x86.ActiveCfg = Debug|Any CPU
		{84E912CD-313F-4FB4-9851-932D623C5636}.Debug|Windows-x86.Build.0 = Debug|Any CPU
		{84E912CD-313F-4FB4-9851-932D623C5636}.Release|Android.ActiveCfg = Release|Any CPU
		{84E912CD-313F-4FB4-9851-932D623C5636}.Release|Android.Build.0 = Release|Any CPU
		{84E912CD-313F-4FB4-9851-932D623C5636}.Release|Any CPU.ActiveCfg = Release|Any CPU
		{84E912CD-313F-4FB4-9851-932D623C5636}.Release|Any CPU.Build.0 = Release|Any CPU
		{84E912CD-313F-4FB4-9851-932D623C5636}.Release|iOS.ActiveCfg = Release|Any CPU
		{84E912CD-313F-4FB4-9851-932D623C5636}.Release|iOS.Build.0 = Release|Any CPU
		{84E912CD-313F-4FB4-9851-932D623C5636}.Release|Windows Phone (Universal).ActiveCfg = Release|Any CPU
		{84E912CD-313F-4FB4-9851-932D623C5636}.Release|Windows Phone (Universal).Build.0 = Release|Any CPU
		{84E912CD-313F-4FB4-9851-932D623C5636}.Release|Windows Phone 8.ActiveCfg = Release|Any CPU
		{84E912CD-313F-4FB4-9851-932D623C5636}.Release|Windows Phone 8.Build.0 = Release|Any CPU
		{84E912CD-313F-4FB4-9851-932D623C5636}.Release|Windows-AnyCPU.ActiveCfg = Release|Any CPU
		{84E912CD-313F-4FB4-9851-932D623C5636}.Release|Windows-AnyCPU.Build.0 = Release|Any CPU
		{84E912CD-313F-4FB4-9851-932D623C5636}.Release|Windows-ARM.ActiveCfg = Release|Any CPU
		{84E912CD-313F-4FB4-9851-932D623C5636}.Release|Windows-ARM.Build.0 = Release|Any CPU
		{84E912CD-313F-4FB4-9851-932D623C5636}.Release|Windows-x64.ActiveCfg = Release|Any CPU
		{84E912CD-313F-4FB4-9851-932D623C5636}.Release|Windows-x64.Build.0 = Release|Any CPU
		{84E912CD-313F-4FB4-9851-932D623C5636}.Release|Windows-x86.ActiveCfg = Release|Any CPU
		{84E912CD-313F-4FB4-9851-932D623C5636}.Release|Windows-x86.Build.0 = Release|Any CPU
		{952BF978-5BFD-4A86-8262-72FA74254B21}.Debug|Android.ActiveCfg = Debug|Any CPU
		{952BF978-5BFD-4A86-8262-72FA74254B21}.Debug|Android.Build.0 = Debug|Any CPU
		{952BF978-5BFD-4A86-8262-72FA74254B21}.Debug|Any CPU.ActiveCfg = Debug|Any CPU
		{952BF978-5BFD-4A86-8262-72FA74254B21}.Debug|Any CPU.Build.0 = Debug|Any CPU
		{952BF978-5BFD-4A86-8262-72FA74254B21}.Debug|iOS.ActiveCfg = Debug|Any CPU
		{952BF978-5BFD-4A86-8262-72FA74254B21}.Debug|iOS.Build.0 = Debug|Any CPU
		{952BF978-5BFD-4A86-8262-72FA74254B21}.Debug|Windows Phone (Universal).ActiveCfg = Debug|Any CPU
		{952BF978-5BFD-4A86-8262-72FA74254B21}.Debug|Windows Phone (Universal).Build.0 = Debug|Any CPU
		{952BF978-5BFD-4A86-8262-72FA74254B21}.Debug|Windows Phone 8.ActiveCfg = Debug|Any CPU
		{952BF978-5BFD-4A86-8262-72FA74254B21}.Debug|Windows Phone 8.Build.0 = Debug|Any CPU
		{952BF978-5BFD-4A86-8262-72FA74254B21}.Debug|Windows-AnyCPU.ActiveCfg = Debug|Any CPU
		{952BF978-5BFD-4A86-8262-72FA74254B21}.Debug|Windows-AnyCPU.Build.0 = Debug|Any CPU
		{952BF978-5BFD-4A86-8262-72FA74254B21}.Debug|Windows-ARM.ActiveCfg = Debug|Any CPU
		{952BF978-5BFD-4A86-8262-72FA74254B21}.Debug|Windows-ARM.Build.0 = Debug|Any CPU
		{952BF978-5BFD-4A86-8262-72FA74254B21}.Debug|Windows-x64.ActiveCfg = Debug|Any CPU
		{952BF978-5BFD-4A86-8262-72FA74254B21}.Debug|Windows-x64.Build.0 = Debug|Any CPU
		{952BF978-5BFD-4A86-8262-72FA74254B21}.Debug|Windows-x86.ActiveCfg = Debug|Any CPU
		{952BF978-5BFD-4A86-8262-72FA74254B21}.Debug|Windows-x86.Build.0 = Debug|Any CPU
		{952BF978-5BFD-4A86-8262-72FA74254B21}.Release|Android.ActiveCfg = Release|Any CPU
		{952BF978-5BFD-4A86-8262-72FA74254B21}.Release|Android.Build.0 = Release|Any CPU
		{952BF978-5BFD-4A86-8262-72FA74254B21}.Release|Any CPU.ActiveCfg = Release|Any CPU
		{952BF978-5BFD-4A86-8262-72FA74254B21}.Release|Any CPU.Build.0 = Release|Any CPU
		{952BF978-5BFD-4A86-8262-72FA74254B21}.Release|iOS.ActiveCfg = Release|Any CPU
		{952BF978-5BFD-4A86-8262-72FA74254B21}.Release|iOS.Build.0 = Release|Any CPU
		{952BF978-5BFD-4A86-8262-72FA74254B21}.Release|Windows Phone (Universal).ActiveCfg = Release|Any CPU
		{952BF978-5BFD-4A86-8262-72FA74254B21}.Release|Windows Phone (Universal).Build.0 = Release|Any CPU
		{952BF978-5BFD-4A86-8262-72FA74254B21}.Release|Windows Phone 8.ActiveCfg = Release|Any CPU
		{952BF978-5BFD-4A86-8262-72FA74254B21}.Release|Windows Phone 8.Build.0 = Release|Any CPU
		{952BF978-5BFD-4A86-8262-72FA74254B21}.Release|Windows-AnyCPU.ActiveCfg = Release|Any CPU
		{952BF978-5BFD-4A86-8262-72FA74254B21}.Release|Windows-AnyCPU.Build.0 = Release|Any CPU
		{952BF978-5BFD-4A86-8262-72FA74254B21}.Release|Windows-ARM.ActiveCfg = Release|Any CPU
		{952BF978-5BFD-4A86-8262-72FA74254B21}.Release|Windows-ARM.Build.0 = Release|Any CPU
		{952BF978-5BFD-4A86-8262-72FA74254B21}.Release|Windows-x64.ActiveCfg = Release|Any CPU
		{952BF978-5BFD-4A86-8262-72FA74254B21}.Release|Windows-x64.Build.0 = Release|Any CPU
		{952BF978-5BFD-4A86-8262-72FA74254B21}.Release|Windows-x86.ActiveCfg = Release|Any CPU
		{952BF978-5BFD-4A86-8262-72FA74254B21}.Release|Windows-x86.Build.0 = Release|Any CPU
		{EB037F2F-81B5-432D-A614-B5B27CA685CA}.Debug|Android.ActiveCfg = Debug|Any CPU
		{EB037F2F-81B5-432D-A614-B5B27CA685CA}.Debug|Android.Build.0 = Debug|Any CPU
		{EB037F2F-81B5-432D-A614-B5B27CA685CA}.Debug|Any CPU.ActiveCfg = Debug|Any CPU
		{EB037F2F-81B5-432D-A614-B5B27CA685CA}.Debug|Any CPU.Build.0 = Debug|Any CPU
		{EB037F2F-81B5-432D-A614-B5B27CA685CA}.Debug|iOS.ActiveCfg = Debug|Any CPU
		{EB037F2F-81B5-432D-A614-B5B27CA685CA}.Debug|iOS.Build.0 = Debug|Any CPU
		{EB037F2F-81B5-432D-A614-B5B27CA685CA}.Debug|Windows Phone (Universal).ActiveCfg = Debug|Any CPU
		{EB037F2F-81B5-432D-A614-B5B27CA685CA}.Debug|Windows Phone (Universal).Build.0 = Debug|Any CPU
		{EB037F2F-81B5-432D-A614-B5B27CA685CA}.Debug|Windows Phone 8.ActiveCfg = Debug|Any CPU
		{EB037F2F-81B5-432D-A614-B5B27CA685CA}.Debug|Windows Phone 8.Build.0 = Debug|Any CPU
		{EB037F2F-81B5-432D-A614-B5B27CA685CA}.Debug|Windows-AnyCPU.ActiveCfg = Debug|Any CPU
		{EB037F2F-81B5-432D-A614-B5B27CA685CA}.Debug|Windows-AnyCPU.Build.0 = Debug|Any CPU
		{EB037F2F-81B5-432D-A614-B5B27CA685CA}.Debug|Windows-ARM.ActiveCfg = Debug|Any CPU
		{EB037F2F-81B5-432D-A614-B5B27CA685CA}.Debug|Windows-ARM.Build.0 = Debug|Any CPU
		{EB037F2F-81B5-432D-A614-B5B27CA685CA}.Debug|Windows-x64.ActiveCfg = Debug|Any CPU
		{EB037F2F-81B5-432D-A614-B5B27CA685CA}.Debug|Windows-x64.Build.0 = Debug|Any CPU
		{EB037F2F-81B5-432D-A614-B5B27CA685CA}.Debug|Windows-x86.ActiveCfg = Debug|Any CPU
		{EB037F2F-81B5-432D-A614-B5B27CA685CA}.Debug|Windows-x86.Build.0 = Debug|Any CPU
		{EB037F2F-81B5-432D-A614-B5B27CA685CA}.Release|Android.ActiveCfg = Release|Any CPU
		{EB037F2F-81B5-432D-A614-B5B27CA685CA}.Release|Android.Build.0 = Release|Any CPU
		{EB037F2F-81B5-432D-A614-B5B27CA685CA}.Release|Any CPU.ActiveCfg = Release|Any CPU
		{EB037F2F-81B5-432D-A614-B5B27CA685CA}.Release|Any CPU.Build.0 = Release|Any CPU
		{EB037F2F-81B5-432D-A614-B5B27CA685CA}.Release|iOS.ActiveCfg = Release|Any CPU
		{EB037F2F-81B5-432D-A614-B5B27CA685CA}.Release|iOS.Build.0 = Release|Any CPU
		{EB037F2F-81B5-432D-A614-B5B27CA685CA}.Release|Windows Phone (Universal).ActiveCfg = Release|Any CPU
		{EB037F2F-81B5-432D-A614-B5B27CA685CA}.Release|Windows Phone (Universal).Build.0 = Release|Any CPU
		{EB037F2F-81B5-432D-A614-B5B27CA685CA}.Release|Windows Phone 8.ActiveCfg = Release|Any CPU
		{EB037F2F-81B5-432D-A614-B5B27CA685CA}.Release|Windows Phone 8.Build.0 = Release|Any CPU
		{EB037F2F-81B5-432D-A614-B5B27CA685CA}.Release|Windows-AnyCPU.ActiveCfg = Release|Any CPU
		{EB037F2F-81B5-432D-A614-B5B27CA685CA}.Release|Windows-AnyCPU.Build.0 = Release|Any CPU
		{EB037F2F-81B5-432D-A614-B5B27CA685CA}.Release|Windows-ARM.ActiveCfg = Release|Any CPU
		{EB037F2F-81B5-432D-A614-B5B27CA685CA}.Release|Windows-ARM.Build.0 = Release|Any CPU
		{EB037F2F-81B5-432D-A614-B5B27CA685CA}.Release|Windows-x64.ActiveCfg = Release|Any CPU
		{EB037F2F-81B5-432D-A614-B5B27CA685CA}.Release|Windows-x64.Build.0 = Release|Any CPU
		{EB037F2F-81B5-432D-A614-B5B27CA685CA}.Release|Windows-x86.ActiveCfg = Release|Any CPU
		{EB037F2F-81B5-432D-A614-B5B27CA685CA}.Release|Windows-x86.Build.0 = Release|Any CPU
		{279E6A9C-B66C-450F-BC3A-6055EBE7806A}.Debug|Android.ActiveCfg = Debug|Any CPU
		{279E6A9C-B66C-450F-BC3A-6055EBE7806A}.Debug|Android.Build.0 = Debug|Any CPU
		{279E6A9C-B66C-450F-BC3A-6055EBE7806A}.Debug|Any CPU.ActiveCfg = Debug|Any CPU
		{279E6A9C-B66C-450F-BC3A-6055EBE7806A}.Debug|Any CPU.Build.0 = Debug|Any CPU
		{279E6A9C-B66C-450F-BC3A-6055EBE7806A}.Debug|iOS.ActiveCfg = Debug|Any CPU
		{279E6A9C-B66C-450F-BC3A-6055EBE7806A}.Debug|iOS.Build.0 = Debug|Any CPU
		{279E6A9C-B66C-450F-BC3A-6055EBE7806A}.Debug|Windows Phone (Universal).ActiveCfg = Debug|Any CPU
		{279E6A9C-B66C-450F-BC3A-6055EBE7806A}.Debug|Windows Phone (Universal).Build.0 = Debug|Any CPU
		{279E6A9C-B66C-450F-BC3A-6055EBE7806A}.Debug|Windows Phone 8.ActiveCfg = Debug|Any CPU
		{279E6A9C-B66C-450F-BC3A-6055EBE7806A}.Debug|Windows Phone 8.Build.0 = Debug|Any CPU
		{279E6A9C-B66C-450F-BC3A-6055EBE7806A}.Debug|Windows-AnyCPU.ActiveCfg = Debug|Any CPU
		{279E6A9C-B66C-450F-BC3A-6055EBE7806A}.Debug|Windows-AnyCPU.Build.0 = Debug|Any CPU
		{279E6A9C-B66C-450F-BC3A-6055EBE7806A}.Debug|Windows-ARM.ActiveCfg = Debug|Any CPU
		{279E6A9C-B66C-450F-BC3A-6055EBE7806A}.Debug|Windows-ARM.Build.0 = Debug|Any CPU
		{279E6A9C-B66C-450F-BC3A-6055EBE7806A}.Debug|Windows-x64.ActiveCfg = Debug|Any CPU
		{279E6A9C-B66C-450F-BC3A-6055EBE7806A}.Debug|Windows-x64.Build.0 = Debug|Any CPU
		{279E6A9C-B66C-450F-BC3A-6055EBE7806A}.Debug|Windows-x86.ActiveCfg = Debug|Any CPU
		{279E6A9C-B66C-450F-BC3A-6055EBE7806A}.Debug|Windows-x86.Build.0 = Debug|Any CPU
		{279E6A9C-B66C-450F-BC3A-6055EBE7806A}.Release|Android.ActiveCfg = Release|Any CPU
		{279E6A9C-B66C-450F-BC3A-6055EBE7806A}.Release|Android.Build.0 = Release|Any CPU
		{279E6A9C-B66C-450F-BC3A-6055EBE7806A}.Release|Any CPU.ActiveCfg = Release|Any CPU
		{279E6A9C-B66C-450F-BC3A-6055EBE7806A}.Release|Any CPU.Build.0 = Release|Any CPU
		{279E6A9C-B66C-450F-BC3A-6055EBE7806A}.Release|iOS.ActiveCfg = Release|Any CPU
		{279E6A9C-B66C-450F-BC3A-6055EBE7806A}.Release|iOS.Build.0 = Release|Any CPU
		{279E6A9C-B66C-450F-BC3A-6055EBE7806A}.Release|Windows Phone (Universal).ActiveCfg = Release|Any CPU
		{279E6A9C-B66C-450F-BC3A-6055EBE7806A}.Release|Windows Phone (Universal).Build.0 = Release|Any CPU
		{279E6A9C-B66C-450F-BC3A-6055EBE7806A}.Release|Windows Phone 8.ActiveCfg = Release|Any CPU
		{279E6A9C-B66C-450F-BC3A-6055EBE7806A}.Release|Windows Phone 8.Build.0 = Release|Any CPU
		{279E6A9C-B66C-450F-BC3A-6055EBE7806A}.Release|Windows-AnyCPU.ActiveCfg = Release|Any CPU
		{279E6A9C-B66C-450F-BC3A-6055EBE7806A}.Release|Windows-AnyCPU.Build.0 = Release|Any CPU
		{279E6A9C-B66C-450F-BC3A-6055EBE7806A}.Release|Windows-ARM.ActiveCfg = Release|Any CPU
		{279E6A9C-B66C-450F-BC3A-6055EBE7806A}.Release|Windows-ARM.Build.0 = Release|Any CPU
		{279E6A9C-B66C-450F-BC3A-6055EBE7806A}.Release|Windows-x64.ActiveCfg = Release|Any CPU
		{279E6A9C-B66C-450F-BC3A-6055EBE7806A}.Release|Windows-x64.Build.0 = Release|Any CPU
		{279E6A9C-B66C-450F-BC3A-6055EBE7806A}.Release|Windows-x86.ActiveCfg = Release|Any CPU
		{279E6A9C-B66C-450F-BC3A-6055EBE7806A}.Release|Windows-x86.Build.0 = Release|Any CPU
		{9E033E82-A12F-4EDF-B520-9733B28CED49}.Debug|Android.ActiveCfg = Debug|Any CPU
		{9E033E82-A12F-4EDF-B520-9733B28CED49}.Debug|Android.Build.0 = Debug|Any CPU
		{9E033E82-A12F-4EDF-B520-9733B28CED49}.Debug|Any CPU.ActiveCfg = Debug|Any CPU
		{9E033E82-A12F-4EDF-B520-9733B28CED49}.Debug|Any CPU.Build.0 = Debug|Any CPU
		{9E033E82-A12F-4EDF-B520-9733B28CED49}.Debug|iOS.ActiveCfg = Debug|Any CPU
		{9E033E82-A12F-4EDF-B520-9733B28CED49}.Debug|iOS.Build.0 = Debug|Any CPU
		{9E033E82-A12F-4EDF-B520-9733B28CED49}.Debug|Windows Phone (Universal).ActiveCfg = Debug|Any CPU
		{9E033E82-A12F-4EDF-B520-9733B28CED49}.Debug|Windows Phone (Universal).Build.0 = Debug|Any CPU
		{9E033E82-A12F-4EDF-B520-9733B28CED49}.Debug|Windows Phone 8.ActiveCfg = Debug|Any CPU
		{9E033E82-A12F-4EDF-B520-9733B28CED49}.Debug|Windows Phone 8.Build.0 = Debug|Any CPU
		{9E033E82-A12F-4EDF-B520-9733B28CED49}.Debug|Windows-AnyCPU.ActiveCfg = Debug|Any CPU
		{9E033E82-A12F-4EDF-B520-9733B28CED49}.Debug|Windows-AnyCPU.Build.0 = Debug|Any CPU
		{9E033E82-A12F-4EDF-B520-9733B28CED49}.Debug|Windows-ARM.ActiveCfg = Debug|Any CPU
		{9E033E82-A12F-4EDF-B520-9733B28CED49}.Debug|Windows-ARM.Build.0 = Debug|Any CPU
		{9E033E82-A12F-4EDF-B520-9733B28CED49}.Debug|Windows-x64.ActiveCfg = Debug|Any CPU
		{9E033E82-A12F-4EDF-B520-9733B28CED49}.Debug|Windows-x64.Build.0 = Debug|Any CPU
		{9E033E82-A12F-4EDF-B520-9733B28CED49}.Debug|Windows-x86.ActiveCfg = Debug|Any CPU
		{9E033E82-A12F-4EDF-B520-9733B28CED49}.Debug|Windows-x86.Build.0 = Debug|Any CPU
		{9E033E82-A12F-4EDF-B520-9733B28CED49}.Release|Android.ActiveCfg = Release|Any CPU
		{9E033E82-A12F-4EDF-B520-9733B28CED49}.Release|Android.Build.0 = Release|Any CPU
		{9E033E82-A12F-4EDF-B520-9733B28CED49}.Release|Any CPU.ActiveCfg = Release|Any CPU
		{9E033E82-A12F-4EDF-B520-9733B28CED49}.Release|Any CPU.Build.0 = Release|Any CPU
		{9E033E82-A12F-4EDF-B520-9733B28CED49}.Release|iOS.ActiveCfg = Release|Any CPU
		{9E033E82-A12F-4EDF-B520-9733B28CED49}.Release|iOS.Build.0 = Release|Any CPU
		{9E033E82-A12F-4EDF-B520-9733B28CED49}.Release|Windows Phone (Universal).ActiveCfg = Release|Any CPU
		{9E033E82-A12F-4EDF-B520-9733B28CED49}.Release|Windows Phone (Universal).Build.0 = Release|Any CPU
		{9E033E82-A12F-4EDF-B520-9733B28CED49}.Release|Windows Phone 8.ActiveCfg = Release|Any CPU
		{9E033E82-A12F-4EDF-B520-9733B28CED49}.Release|Windows Phone 8.Build.0 = Release|Any CPU
		{9E033E82-A12F-4EDF-B520-9733B28CED49}.Release|Windows-AnyCPU.ActiveCfg = Release|Any CPU
		{9E033E82-A12F-4EDF-B520-9733B28CED49}.Release|Windows-AnyCPU.Build.0 = Release|Any CPU
		{9E033E82-A12F-4EDF-B520-9733B28CED49}.Release|Windows-ARM.ActiveCfg = Release|Any CPU
		{9E033E82-A12F-4EDF-B520-9733B28CED49}.Release|Windows-ARM.Build.0 = Release|Any CPU
		{9E033E82-A12F-4EDF-B520-9733B28CED49}.Release|Windows-x64.ActiveCfg = Release|Any CPU
		{9E033E82-A12F-4EDF-B520-9733B28CED49}.Release|Windows-x64.Build.0 = Release|Any CPU
		{9E033E82-A12F-4EDF-B520-9733B28CED49}.Release|Windows-x86.ActiveCfg = Release|Any CPU
		{9E033E82-A12F-4EDF-B520-9733B28CED49}.Release|Windows-x86.Build.0 = Release|Any CPU
		{B16A51BF-CF9E-430D-8630-7EDB8CE95445}.Debug|Android.ActiveCfg = Debug|Any CPU
		{B16A51BF-CF9E-430D-8630-7EDB8CE95445}.Debug|Android.Build.0 = Debug|Any CPU
		{B16A51BF-CF9E-430D-8630-7EDB8CE95445}.Debug|Any CPU.ActiveCfg = Debug|Any CPU
		{B16A51BF-CF9E-430D-8630-7EDB8CE95445}.Debug|Any CPU.Build.0 = Debug|Any CPU
		{B16A51BF-CF9E-430D-8630-7EDB8CE95445}.Debug|iOS.ActiveCfg = Debug|Any CPU
		{B16A51BF-CF9E-430D-8630-7EDB8CE95445}.Debug|iOS.Build.0 = Debug|Any CPU
		{B16A51BF-CF9E-430D-8630-7EDB8CE95445}.Debug|Windows Phone (Universal).ActiveCfg = Debug|Any CPU
		{B16A51BF-CF9E-430D-8630-7EDB8CE95445}.Debug|Windows Phone (Universal).Build.0 = Debug|Any CPU
		{B16A51BF-CF9E-430D-8630-7EDB8CE95445}.Debug|Windows Phone 8.ActiveCfg = Debug|Any CPU
		{B16A51BF-CF9E-430D-8630-7EDB8CE95445}.Debug|Windows Phone 8.Build.0 = Debug|Any CPU
		{B16A51BF-CF9E-430D-8630-7EDB8CE95445}.Debug|Windows-AnyCPU.ActiveCfg = Debug|Any CPU
		{B16A51BF-CF9E-430D-8630-7EDB8CE95445}.Debug|Windows-AnyCPU.Build.0 = Debug|Any CPU
		{B16A51BF-CF9E-430D-8630-7EDB8CE95445}.Debug|Windows-ARM.ActiveCfg = Debug|Any CPU
		{B16A51BF-CF9E-430D-8630-7EDB8CE95445}.Debug|Windows-ARM.Build.0 = Debug|Any CPU
		{B16A51BF-CF9E-430D-8630-7EDB8CE95445}.Debug|Windows-x64.ActiveCfg = Debug|Any CPU
		{B16A51BF-CF9E-430D-8630-7EDB8CE95445}.Debug|Windows-x64.Build.0 = Debug|Any CPU
		{B16A51BF-CF9E-430D-8630-7EDB8CE95445}.Debug|Windows-x86.ActiveCfg = Debug|Any CPU
		{B16A51BF-CF9E-430D-8630-7EDB8CE95445}.Debug|Windows-x86.Build.0 = Debug|Any CPU
		{B16A51BF-CF9E-430D-8630-7EDB8CE95445}.Release|Android.ActiveCfg = Release|Any CPU
		{B16A51BF-CF9E-430D-8630-7EDB8CE95445}.Release|Android.Build.0 = Release|Any CPU
		{B16A51BF-CF9E-430D-8630-7EDB8CE95445}.Release|Any CPU.ActiveCfg = Release|Any CPU
		{B16A51BF-CF9E-430D-8630-7EDB8CE95445}.Release|Any CPU.Build.0 = Release|Any CPU
		{B16A51BF-CF9E-430D-8630-7EDB8CE95445}.Release|iOS.ActiveCfg = Release|Any CPU
		{B16A51BF-CF9E-430D-8630-7EDB8CE95445}.Release|iOS.Build.0 = Release|Any CPU
		{B16A51BF-CF9E-430D-8630-7EDB8CE95445}.Release|Windows Phone (Universal).ActiveCfg = Release|Any CPU
		{B16A51BF-CF9E-430D-8630-7EDB8CE95445}.Release|Windows Phone (Universal).Build.0 = Release|Any CPU
		{B16A51BF-CF9E-430D-8630-7EDB8CE95445}.Release|Windows Phone 8.ActiveCfg = Release|Any CPU
		{B16A51BF-CF9E-430D-8630-7EDB8CE95445}.Release|Windows Phone 8.Build.0 = Release|Any CPU
		{B16A51BF-CF9E-430D-8630-7EDB8CE95445}.Release|Windows-AnyCPU.ActiveCfg = Release|Any CPU
		{B16A51BF-CF9E-430D-8630-7EDB8CE95445}.Release|Windows-AnyCPU.Build.0 = Release|Any CPU
		{B16A51BF-CF9E-430D-8630-7EDB8CE95445}.Release|Windows-ARM.ActiveCfg = Release|Any CPU
		{B16A51BF-CF9E-430D-8630-7EDB8CE95445}.Release|Windows-ARM.Build.0 = Release|Any CPU
		{B16A51BF-CF9E-430D-8630-7EDB8CE95445}.Release|Windows-x64.ActiveCfg = Release|Any CPU
		{B16A51BF-CF9E-430D-8630-7EDB8CE95445}.Release|Windows-x64.Build.0 = Release|Any CPU
		{B16A51BF-CF9E-430D-8630-7EDB8CE95445}.Release|Windows-x86.ActiveCfg = Release|Any CPU
		{B16A51BF-CF9E-430D-8630-7EDB8CE95445}.Release|Windows-x86.Build.0 = Release|Any CPU
		{D3F764CE-50F3-4FAC-82AB-9AEB45E9B838}.Debug|Android.ActiveCfg = Debug|Any CPU
		{D3F764CE-50F3-4FAC-82AB-9AEB45E9B838}.Debug|Android.Build.0 = Debug|Any CPU
		{D3F764CE-50F3-4FAC-82AB-9AEB45E9B838}.Debug|Any CPU.ActiveCfg = Debug|Any CPU
		{D3F764CE-50F3-4FAC-82AB-9AEB45E9B838}.Debug|Any CPU.Build.0 = Debug|Any CPU
		{D3F764CE-50F3-4FAC-82AB-9AEB45E9B838}.Debug|iOS.ActiveCfg = Debug|Any CPU
		{D3F764CE-50F3-4FAC-82AB-9AEB45E9B838}.Debug|iOS.Build.0 = Debug|Any CPU
		{D3F764CE-50F3-4FAC-82AB-9AEB45E9B838}.Debug|Windows Phone (Universal).ActiveCfg = Debug|Any CPU
		{D3F764CE-50F3-4FAC-82AB-9AEB45E9B838}.Debug|Windows Phone (Universal).Build.0 = Debug|Any CPU
		{D3F764CE-50F3-4FAC-82AB-9AEB45E9B838}.Debug|Windows Phone 8.ActiveCfg = Debug|Any CPU
		{D3F764CE-50F3-4FAC-82AB-9AEB45E9B838}.Debug|Windows Phone 8.Build.0 = Debug|Any CPU
		{D3F764CE-50F3-4FAC-82AB-9AEB45E9B838}.Debug|Windows-AnyCPU.ActiveCfg = Debug|Any CPU
		{D3F764CE-50F3-4FAC-82AB-9AEB45E9B838}.Debug|Windows-AnyCPU.Build.0 = Debug|Any CPU
		{D3F764CE-50F3-4FAC-82AB-9AEB45E9B838}.Debug|Windows-ARM.ActiveCfg = Debug|Any CPU
		{D3F764CE-50F3-4FAC-82AB-9AEB45E9B838}.Debug|Windows-ARM.Build.0 = Debug|Any CPU
		{D3F764CE-50F3-4FAC-82AB-9AEB45E9B838}.Debug|Windows-x64.ActiveCfg = Debug|Any CPU
		{D3F764CE-50F3-4FAC-82AB-9AEB45E9B838}.Debug|Windows-x64.Build.0 = Debug|Any CPU
		{D3F764CE-50F3-4FAC-82AB-9AEB45E9B838}.Debug|Windows-x86.ActiveCfg = Debug|Any CPU
		{D3F764CE-50F3-4FAC-82AB-9AEB45E9B838}.Debug|Windows-x86.Build.0 = Debug|Any CPU
		{D3F764CE-50F3-4FAC-82AB-9AEB45E9B838}.Release|Android.ActiveCfg = Release|Any CPU
		{D3F764CE-50F3-4FAC-82AB-9AEB45E9B838}.Release|Android.Build.0 = Release|Any CPU
		{D3F764CE-50F3-4FAC-82AB-9AEB45E9B838}.Release|Any CPU.ActiveCfg = Release|Any CPU
		{D3F764CE-50F3-4FAC-82AB-9AEB45E9B838}.Release|Any CPU.Build.0 = Release|Any CPU
		{D3F764CE-50F3-4FAC-82AB-9AEB45E9B838}.Release|iOS.ActiveCfg = Release|Any CPU
		{D3F764CE-50F3-4FAC-82AB-9AEB45E9B838}.Release|iOS.Build.0 = Release|Any CPU
		{D3F764CE-50F3-4FAC-82AB-9AEB45E9B838}.Release|Windows Phone (Universal).ActiveCfg = Release|Any CPU
		{D3F764CE-50F3-4FAC-82AB-9AEB45E9B838}.Release|Windows Phone (Universal).Build.0 = Release|Any CPU
		{D3F764CE-50F3-4FAC-82AB-9AEB45E9B838}.Release|Windows Phone 8.ActiveCfg = Release|Any CPU
		{D3F764CE-50F3-4FAC-82AB-9AEB45E9B838}.Release|Windows Phone 8.Build.0 = Release|Any CPU
		{D3F764CE-50F3-4FAC-82AB-9AEB45E9B838}.Release|Windows-AnyCPU.ActiveCfg = Release|Any CPU
		{D3F764CE-50F3-4FAC-82AB-9AEB45E9B838}.Release|Windows-AnyCPU.Build.0 = Release|Any CPU
		{D3F764CE-50F3-4FAC-82AB-9AEB45E9B838}.Release|Windows-ARM.ActiveCfg = Release|Any CPU
		{D3F764CE-50F3-4FAC-82AB-9AEB45E9B838}.Release|Windows-ARM.Build.0 = Release|Any CPU
		{D3F764CE-50F3-4FAC-82AB-9AEB45E9B838}.Release|Windows-x64.ActiveCfg = Release|Any CPU
		{D3F764CE-50F3-4FAC-82AB-9AEB45E9B838}.Release|Windows-x64.Build.0 = Release|Any CPU
		{D3F764CE-50F3-4FAC-82AB-9AEB45E9B838}.Release|Windows-x86.ActiveCfg = Release|Any CPU
		{D3F764CE-50F3-4FAC-82AB-9AEB45E9B838}.Release|Windows-x86.Build.0 = Release|Any CPU
		{F048B6D6-4296-40B6-AFB0-A75113353813}.Debug|Android.ActiveCfg = Debug|Any CPU
		{F048B6D6-4296-40B6-AFB0-A75113353813}.Debug|Android.Build.0 = Debug|Any CPU
		{F048B6D6-4296-40B6-AFB0-A75113353813}.Debug|Any CPU.ActiveCfg = Debug|Any CPU
		{F048B6D6-4296-40B6-AFB0-A75113353813}.Debug|Any CPU.Build.0 = Debug|Any CPU
		{F048B6D6-4296-40B6-AFB0-A75113353813}.Debug|iOS.ActiveCfg = Debug|Any CPU
		{F048B6D6-4296-40B6-AFB0-A75113353813}.Debug|iOS.Build.0 = Debug|Any CPU
		{F048B6D6-4296-40B6-AFB0-A75113353813}.Debug|Windows Phone (Universal).ActiveCfg = Debug|Any CPU
		{F048B6D6-4296-40B6-AFB0-A75113353813}.Debug|Windows Phone (Universal).Build.0 = Debug|Any CPU
		{F048B6D6-4296-40B6-AFB0-A75113353813}.Debug|Windows Phone 8.ActiveCfg = Debug|Any CPU
		{F048B6D6-4296-40B6-AFB0-A75113353813}.Debug|Windows Phone 8.Build.0 = Debug|Any CPU
		{F048B6D6-4296-40B6-AFB0-A75113353813}.Debug|Windows-AnyCPU.ActiveCfg = Debug|Any CPU
		{F048B6D6-4296-40B6-AFB0-A75113353813}.Debug|Windows-AnyCPU.Build.0 = Debug|Any CPU
		{F048B6D6-4296-40B6-AFB0-A75113353813}.Debug|Windows-ARM.ActiveCfg = Debug|Any CPU
		{F048B6D6-4296-40B6-AFB0-A75113353813}.Debug|Windows-ARM.Build.0 = Debug|Any CPU
		{F048B6D6-4296-40B6-AFB0-A75113353813}.Debug|Windows-x64.ActiveCfg = Debug|Any CPU
		{F048B6D6-4296-40B6-AFB0-A75113353813}.Debug|Windows-x64.Build.0 = Debug|Any CPU
		{F048B6D6-4296-40B6-AFB0-A75113353813}.Debug|Windows-x86.ActiveCfg = Debug|Any CPU
		{F048B6D6-4296-40B6-AFB0-A75113353813}.Debug|Windows-x86.Build.0 = Debug|Any CPU
		{F048B6D6-4296-40B6-AFB0-A75113353813}.Release|Android.ActiveCfg = Release|Any CPU
		{F048B6D6-4296-40B6-AFB0-A75113353813}.Release|Android.Build.0 = Release|Any CPU
		{F048B6D6-4296-40B6-AFB0-A75113353813}.Release|Any CPU.ActiveCfg = Release|Any CPU
		{F048B6D6-4296-40B6-AFB0-A75113353813}.Release|Any CPU.Build.0 = Release|Any CPU
		{F048B6D6-4296-40B6-AFB0-A75113353813}.Release|iOS.ActiveCfg = Release|Any CPU
		{F048B6D6-4296-40B6-AFB0-A75113353813}.Release|iOS.Build.0 = Release|Any CPU
		{F048B6D6-4296-40B6-AFB0-A75113353813}.Release|Windows Phone (Universal).ActiveCfg = Release|Any CPU
		{F048B6D6-4296-40B6-AFB0-A75113353813}.Release|Windows Phone (Universal).Build.0 = Release|Any CPU
		{F048B6D6-4296-40B6-AFB0-A75113353813}.Release|Windows Phone 8.ActiveCfg = Release|Any CPU
		{F048B6D6-4296-40B6-AFB0-A75113353813}.Release|Windows Phone 8.Build.0 = Release|Any CPU
		{F048B6D6-4296-40B6-AFB0-A75113353813}.Release|Windows-AnyCPU.ActiveCfg = Release|Any CPU
		{F048B6D6-4296-40B6-AFB0-A75113353813}.Release|Windows-AnyCPU.Build.0 = Release|Any CPU
		{F048B6D6-4296-40B6-AFB0-A75113353813}.Release|Windows-ARM.ActiveCfg = Release|Any CPU
		{F048B6D6-4296-40B6-AFB0-A75113353813}.Release|Windows-ARM.Build.0 = Release|Any CPU
		{F048B6D6-4296-40B6-AFB0-A75113353813}.Release|Windows-x64.ActiveCfg = Release|Any CPU
		{F048B6D6-4296-40B6-AFB0-A75113353813}.Release|Windows-x64.Build.0 = Release|Any CPU
		{F048B6D6-4296-40B6-AFB0-A75113353813}.Release|Windows-x86.ActiveCfg = Release|Any CPU
		{F048B6D6-4296-40B6-AFB0-A75113353813}.Release|Windows-x86.Build.0 = Release|Any CPU
		{38D1647A-F1E4-4D64-8EA7-DFC184AE9301}.Debug|Android.ActiveCfg = Debug|Any CPU
		{38D1647A-F1E4-4D64-8EA7-DFC184AE9301}.Debug|Android.Build.0 = Debug|Any CPU
		{38D1647A-F1E4-4D64-8EA7-DFC184AE9301}.Debug|Any CPU.ActiveCfg = Debug|Any CPU
		{38D1647A-F1E4-4D64-8EA7-DFC184AE9301}.Debug|Any CPU.Build.0 = Debug|Any CPU
		{38D1647A-F1E4-4D64-8EA7-DFC184AE9301}.Debug|iOS.ActiveCfg = Debug|Any CPU
		{38D1647A-F1E4-4D64-8EA7-DFC184AE9301}.Debug|iOS.Build.0 = Debug|Any CPU
		{38D1647A-F1E4-4D64-8EA7-DFC184AE9301}.Debug|Windows Phone (Universal).ActiveCfg = Debug|Any CPU
		{38D1647A-F1E4-4D64-8EA7-DFC184AE9301}.Debug|Windows Phone (Universal).Build.0 = Debug|Any CPU
		{38D1647A-F1E4-4D64-8EA7-DFC184AE9301}.Debug|Windows Phone 8.ActiveCfg = Debug|Any CPU
		{38D1647A-F1E4-4D64-8EA7-DFC184AE9301}.Debug|Windows Phone 8.Build.0 = Debug|Any CPU
		{38D1647A-F1E4-4D64-8EA7-DFC184AE9301}.Debug|Windows-AnyCPU.ActiveCfg = Debug|Any CPU
		{38D1647A-F1E4-4D64-8EA7-DFC184AE9301}.Debug|Windows-AnyCPU.Build.0 = Debug|Any CPU
		{38D1647A-F1E4-4D64-8EA7-DFC184AE9301}.Debug|Windows-ARM.ActiveCfg = Debug|Any CPU
		{38D1647A-F1E4-4D64-8EA7-DFC184AE9301}.Debug|Windows-ARM.Build.0 = Debug|Any CPU
		{38D1647A-F1E4-4D64-8EA7-DFC184AE9301}.Debug|Windows-x64.ActiveCfg = Debug|Any CPU
		{38D1647A-F1E4-4D64-8EA7-DFC184AE9301}.Debug|Windows-x64.Build.0 = Debug|Any CPU
		{38D1647A-F1E4-4D64-8EA7-DFC184AE9301}.Debug|Windows-x86.ActiveCfg = Debug|Any CPU
		{38D1647A-F1E4-4D64-8EA7-DFC184AE9301}.Debug|Windows-x86.Build.0 = Debug|Any CPU
		{38D1647A-F1E4-4D64-8EA7-DFC184AE9301}.Release|Android.ActiveCfg = Release|Any CPU
		{38D1647A-F1E4-4D64-8EA7-DFC184AE9301}.Release|Android.Build.0 = Release|Any CPU
		{38D1647A-F1E4-4D64-8EA7-DFC184AE9301}.Release|Any CPU.ActiveCfg = Release|Any CPU
		{38D1647A-F1E4-4D64-8EA7-DFC184AE9301}.Release|Any CPU.Build.0 = Release|Any CPU
		{38D1647A-F1E4-4D64-8EA7-DFC184AE9301}.Release|iOS.ActiveCfg = Release|Any CPU
		{38D1647A-F1E4-4D64-8EA7-DFC184AE9301}.Release|iOS.Build.0 = Release|Any CPU
		{38D1647A-F1E4-4D64-8EA7-DFC184AE9301}.Release|Windows Phone (Universal).ActiveCfg = Release|Any CPU
		{38D1647A-F1E4-4D64-8EA7-DFC184AE9301}.Release|Windows Phone (Universal).Build.0 = Release|Any CPU
		{38D1647A-F1E4-4D64-8EA7-DFC184AE9301}.Release|Windows Phone 8.ActiveCfg = Release|Any CPU
		{38D1647A-F1E4-4D64-8EA7-DFC184AE9301}.Release|Windows Phone 8.Build.0 = Release|Any CPU
		{38D1647A-F1E4-4D64-8EA7-DFC184AE9301}.Release|Windows-AnyCPU.ActiveCfg = Release|Any CPU
		{38D1647A-F1E4-4D64-8EA7-DFC184AE9301}.Release|Windows-AnyCPU.Build.0 = Release|Any CPU
		{38D1647A-F1E4-4D64-8EA7-DFC184AE9301}.Release|Windows-ARM.ActiveCfg = Release|Any CPU
		{38D1647A-F1E4-4D64-8EA7-DFC184AE9301}.Release|Windows-ARM.Build.0 = Release|Any CPU
		{38D1647A-F1E4-4D64-8EA7-DFC184AE9301}.Release|Windows-x64.ActiveCfg = Release|Any CPU
		{38D1647A-F1E4-4D64-8EA7-DFC184AE9301}.Release|Windows-x64.Build.0 = Release|Any CPU
		{38D1647A-F1E4-4D64-8EA7-DFC184AE9301}.Release|Windows-x86.ActiveCfg = Release|Any CPU
		{38D1647A-F1E4-4D64-8EA7-DFC184AE9301}.Release|Windows-x86.Build.0 = Release|Any CPU
		{B14F42FE-BD33-46AA-8648-FCAC190F433C}.Debug|Android.ActiveCfg = Debug|Any CPU
		{B14F42FE-BD33-46AA-8648-FCAC190F433C}.Debug|Android.Build.0 = Debug|Any CPU
		{B14F42FE-BD33-46AA-8648-FCAC190F433C}.Debug|Any CPU.ActiveCfg = Debug|Any CPU
		{B14F42FE-BD33-46AA-8648-FCAC190F433C}.Debug|Any CPU.Build.0 = Debug|Any CPU
		{B14F42FE-BD33-46AA-8648-FCAC190F433C}.Debug|iOS.ActiveCfg = Debug|Any CPU
		{B14F42FE-BD33-46AA-8648-FCAC190F433C}.Debug|iOS.Build.0 = Debug|Any CPU
		{B14F42FE-BD33-46AA-8648-FCAC190F433C}.Debug|Windows Phone (Universal).ActiveCfg = Debug|Any CPU
		{B14F42FE-BD33-46AA-8648-FCAC190F433C}.Debug|Windows Phone (Universal).Build.0 = Debug|Any CPU
		{B14F42FE-BD33-46AA-8648-FCAC190F433C}.Debug|Windows Phone 8.ActiveCfg = Debug|Any CPU
		{B14F42FE-BD33-46AA-8648-FCAC190F433C}.Debug|Windows Phone 8.Build.0 = Debug|Any CPU
		{B14F42FE-BD33-46AA-8648-FCAC190F433C}.Debug|Windows-AnyCPU.ActiveCfg = Debug|Any CPU
		{B14F42FE-BD33-46AA-8648-FCAC190F433C}.Debug|Windows-AnyCPU.Build.0 = Debug|Any CPU
		{B14F42FE-BD33-46AA-8648-FCAC190F433C}.Debug|Windows-ARM.ActiveCfg = Debug|Any CPU
		{B14F42FE-BD33-46AA-8648-FCAC190F433C}.Debug|Windows-ARM.Build.0 = Debug|Any CPU
		{B14F42FE-BD33-46AA-8648-FCAC190F433C}.Debug|Windows-x64.ActiveCfg = Debug|Any CPU
		{B14F42FE-BD33-46AA-8648-FCAC190F433C}.Debug|Windows-x64.Build.0 = Debug|Any CPU
		{B14F42FE-BD33-46AA-8648-FCAC190F433C}.Debug|Windows-x86.ActiveCfg = Debug|Any CPU
		{B14F42FE-BD33-46AA-8648-FCAC190F433C}.Debug|Windows-x86.Build.0 = Debug|Any CPU
		{B14F42FE-BD33-46AA-8648-FCAC190F433C}.Release|Android.ActiveCfg = Release|Any CPU
		{B14F42FE-BD33-46AA-8648-FCAC190F433C}.Release|Android.Build.0 = Release|Any CPU
		{B14F42FE-BD33-46AA-8648-FCAC190F433C}.Release|Any CPU.ActiveCfg = Release|Any CPU
		{B14F42FE-BD33-46AA-8648-FCAC190F433C}.Release|Any CPU.Build.0 = Release|Any CPU
		{B14F42FE-BD33-46AA-8648-FCAC190F433C}.Release|iOS.ActiveCfg = Release|Any CPU
		{B14F42FE-BD33-46AA-8648-FCAC190F433C}.Release|iOS.Build.0 = Release|Any CPU
		{B14F42FE-BD33-46AA-8648-FCAC190F433C}.Release|Windows Phone (Universal).ActiveCfg = Release|Any CPU
		{B14F42FE-BD33-46AA-8648-FCAC190F433C}.Release|Windows Phone (Universal).Build.0 = Release|Any CPU
		{B14F42FE-BD33-46AA-8648-FCAC190F433C}.Release|Windows Phone 8.ActiveCfg = Release|Any CPU
		{B14F42FE-BD33-46AA-8648-FCAC190F433C}.Release|Windows Phone 8.Build.0 = Release|Any CPU
		{B14F42FE-BD33-46AA-8648-FCAC190F433C}.Release|Windows-AnyCPU.ActiveCfg = Release|Any CPU
		{B14F42FE-BD33-46AA-8648-FCAC190F433C}.Release|Windows-AnyCPU.Build.0 = Release|Any CPU
		{B14F42FE-BD33-46AA-8648-FCAC190F433C}.Release|Windows-ARM.ActiveCfg = Release|Any CPU
		{B14F42FE-BD33-46AA-8648-FCAC190F433C}.Release|Windows-ARM.Build.0 = Release|Any CPU
		{B14F42FE-BD33-46AA-8648-FCAC190F433C}.Release|Windows-x64.ActiveCfg = Release|Any CPU
		{B14F42FE-BD33-46AA-8648-FCAC190F433C}.Release|Windows-x64.Build.0 = Release|Any CPU
		{B14F42FE-BD33-46AA-8648-FCAC190F433C}.Release|Windows-x86.ActiveCfg = Release|Any CPU
		{B14F42FE-BD33-46AA-8648-FCAC190F433C}.Release|Windows-x86.Build.0 = Release|Any CPU
		{CC62292D-6037-417A-B1D1-D0A65E990172}.Debug|Android.ActiveCfg = Debug|Any CPU
		{CC62292D-6037-417A-B1D1-D0A65E990172}.Debug|Android.Build.0 = Debug|Any CPU
		{CC62292D-6037-417A-B1D1-D0A65E990172}.Debug|Any CPU.ActiveCfg = Debug|Any CPU
		{CC62292D-6037-417A-B1D1-D0A65E990172}.Debug|Any CPU.Build.0 = Debug|Any CPU
		{CC62292D-6037-417A-B1D1-D0A65E990172}.Debug|iOS.ActiveCfg = Debug|Any CPU
		{CC62292D-6037-417A-B1D1-D0A65E990172}.Debug|iOS.Build.0 = Debug|Any CPU
		{CC62292D-6037-417A-B1D1-D0A65E990172}.Debug|Windows Phone (Universal).ActiveCfg = Debug|Any CPU
		{CC62292D-6037-417A-B1D1-D0A65E990172}.Debug|Windows Phone (Universal).Build.0 = Debug|Any CPU
		{CC62292D-6037-417A-B1D1-D0A65E990172}.Debug|Windows Phone 8.ActiveCfg = Debug|Any CPU
		{CC62292D-6037-417A-B1D1-D0A65E990172}.Debug|Windows Phone 8.Build.0 = Debug|Any CPU
		{CC62292D-6037-417A-B1D1-D0A65E990172}.Debug|Windows-AnyCPU.ActiveCfg = Debug|Any CPU
		{CC62292D-6037-417A-B1D1-D0A65E990172}.Debug|Windows-AnyCPU.Build.0 = Debug|Any CPU
		{CC62292D-6037-417A-B1D1-D0A65E990172}.Debug|Windows-ARM.ActiveCfg = Debug|Any CPU
		{CC62292D-6037-417A-B1D1-D0A65E990172}.Debug|Windows-ARM.Build.0 = Debug|Any CPU
		{CC62292D-6037-417A-B1D1-D0A65E990172}.Debug|Windows-x64.ActiveCfg = Debug|Any CPU
		{CC62292D-6037-417A-B1D1-D0A65E990172}.Debug|Windows-x64.Build.0 = Debug|Any CPU
		{CC62292D-6037-417A-B1D1-D0A65E990172}.Debug|Windows-x86.ActiveCfg = Debug|Any CPU
		{CC62292D-6037-417A-B1D1-D0A65E990172}.Debug|Windows-x86.Build.0 = Debug|Any CPU
		{CC62292D-6037-417A-B1D1-D0A65E990172}.Release|Android.ActiveCfg = Release|Any CPU
		{CC62292D-6037-417A-B1D1-D0A65E990172}.Release|Android.Build.0 = Release|Any CPU
		{CC62292D-6037-417A-B1D1-D0A65E990172}.Release|Any CPU.ActiveCfg = Release|Any CPU
		{CC62292D-6037-417A-B1D1-D0A65E990172}.Release|Any CPU.Build.0 = Release|Any CPU
		{CC62292D-6037-417A-B1D1-D0A65E990172}.Release|iOS.ActiveCfg = Release|Any CPU
		{CC62292D-6037-417A-B1D1-D0A65E990172}.Release|iOS.Build.0 = Release|Any CPU
		{CC62292D-6037-417A-B1D1-D0A65E990172}.Release|Windows Phone (Universal).ActiveCfg = Release|Any CPU
		{CC62292D-6037-417A-B1D1-D0A65E990172}.Release|Windows Phone (Universal).Build.0 = Release|Any CPU
		{CC62292D-6037-417A-B1D1-D0A65E990172}.Release|Windows Phone 8.ActiveCfg = Release|Any CPU
		{CC62292D-6037-417A-B1D1-D0A65E990172}.Release|Windows Phone 8.Build.0 = Release|Any CPU
		{CC62292D-6037-417A-B1D1-D0A65E990172}.Release|Windows-AnyCPU.ActiveCfg = Release|Any CPU
		{CC62292D-6037-417A-B1D1-D0A65E990172}.Release|Windows-AnyCPU.Build.0 = Release|Any CPU
		{CC62292D-6037-417A-B1D1-D0A65E990172}.Release|Windows-ARM.ActiveCfg = Release|Any CPU
		{CC62292D-6037-417A-B1D1-D0A65E990172}.Release|Windows-ARM.Build.0 = Release|Any CPU
		{CC62292D-6037-417A-B1D1-D0A65E990172}.Release|Windows-x64.ActiveCfg = Release|Any CPU
		{CC62292D-6037-417A-B1D1-D0A65E990172}.Release|Windows-x64.Build.0 = Release|Any CPU
		{CC62292D-6037-417A-B1D1-D0A65E990172}.Release|Windows-x86.ActiveCfg = Release|Any CPU
		{CC62292D-6037-417A-B1D1-D0A65E990172}.Release|Windows-x86.Build.0 = Release|Any CPU
		{AE925CBB-0FCB-469F-9F50-D442688F2C1F}.Debug|Android.ActiveCfg = Debug|Any CPU
		{AE925CBB-0FCB-469F-9F50-D442688F2C1F}.Debug|Android.Build.0 = Debug|Any CPU
		{AE925CBB-0FCB-469F-9F50-D442688F2C1F}.Debug|Any CPU.ActiveCfg = Debug|Any CPU
		{AE925CBB-0FCB-469F-9F50-D442688F2C1F}.Debug|Any CPU.Build.0 = Debug|Any CPU
		{AE925CBB-0FCB-469F-9F50-D442688F2C1F}.Debug|iOS.ActiveCfg = Debug|Any CPU
		{AE925CBB-0FCB-469F-9F50-D442688F2C1F}.Debug|iOS.Build.0 = Debug|Any CPU
		{AE925CBB-0FCB-469F-9F50-D442688F2C1F}.Debug|Windows Phone (Universal).ActiveCfg = Debug|Any CPU
		{AE925CBB-0FCB-469F-9F50-D442688F2C1F}.Debug|Windows Phone (Universal).Build.0 = Debug|Any CPU
		{AE925CBB-0FCB-469F-9F50-D442688F2C1F}.Debug|Windows Phone 8.ActiveCfg = Debug|Any CPU
		{AE925CBB-0FCB-469F-9F50-D442688F2C1F}.Debug|Windows Phone 8.Build.0 = Debug|Any CPU
		{AE925CBB-0FCB-469F-9F50-D442688F2C1F}.Debug|Windows-AnyCPU.ActiveCfg = Debug|Any CPU
		{AE925CBB-0FCB-469F-9F50-D442688F2C1F}.Debug|Windows-AnyCPU.Build.0 = Debug|Any CPU
		{AE925CBB-0FCB-469F-9F50-D442688F2C1F}.Debug|Windows-ARM.ActiveCfg = Debug|Any CPU
		{AE925CBB-0FCB-469F-9F50-D442688F2C1F}.Debug|Windows-ARM.Build.0 = Debug|Any CPU
		{AE925CBB-0FCB-469F-9F50-D442688F2C1F}.Debug|Windows-x64.ActiveCfg = Debug|Any CPU
		{AE925CBB-0FCB-469F-9F50-D442688F2C1F}.Debug|Windows-x64.Build.0 = Debug|Any CPU
		{AE925CBB-0FCB-469F-9F50-D442688F2C1F}.Debug|Windows-x86.ActiveCfg = Debug|Any CPU
		{AE925CBB-0FCB-469F-9F50-D442688F2C1F}.Debug|Windows-x86.Build.0 = Debug|Any CPU
		{AE925CBB-0FCB-469F-9F50-D442688F2C1F}.Release|Android.ActiveCfg = Release|Any CPU
		{AE925CBB-0FCB-469F-9F50-D442688F2C1F}.Release|Android.Build.0 = Release|Any CPU
		{AE925CBB-0FCB-469F-9F50-D442688F2C1F}.Release|Any CPU.ActiveCfg = Release|Any CPU
		{AE925CBB-0FCB-469F-9F50-D442688F2C1F}.Release|Any CPU.Build.0 = Release|Any CPU
		{AE925CBB-0FCB-469F-9F50-D442688F2C1F}.Release|iOS.ActiveCfg = Release|Any CPU
		{AE925CBB-0FCB-469F-9F50-D442688F2C1F}.Release|iOS.Build.0 = Release|Any CPU
		{AE925CBB-0FCB-469F-9F50-D442688F2C1F}.Release|Windows Phone (Universal).ActiveCfg = Release|Any CPU
		{AE925CBB-0FCB-469F-9F50-D442688F2C1F}.Release|Windows Phone (Universal).Build.0 = Release|Any CPU
		{AE925CBB-0FCB-469F-9F50-D442688F2C1F}.Release|Windows Phone 8.ActiveCfg = Release|Any CPU
		{AE925CBB-0FCB-469F-9F50-D442688F2C1F}.Release|Windows Phone 8.Build.0 = Release|Any CPU
		{AE925CBB-0FCB-469F-9F50-D442688F2C1F}.Release|Windows-AnyCPU.ActiveCfg = Release|Any CPU
		{AE925CBB-0FCB-469F-9F50-D442688F2C1F}.Release|Windows-AnyCPU.Build.0 = Release|Any CPU
		{AE925CBB-0FCB-469F-9F50-D442688F2C1F}.Release|Windows-ARM.ActiveCfg = Release|Any CPU
		{AE925CBB-0FCB-469F-9F50-D442688F2C1F}.Release|Windows-ARM.Build.0 = Release|Any CPU
		{AE925CBB-0FCB-469F-9F50-D442688F2C1F}.Release|Windows-x64.ActiveCfg = Release|Any CPU
		{AE925CBB-0FCB-469F-9F50-D442688F2C1F}.Release|Windows-x64.Build.0 = Release|Any CPU
		{AE925CBB-0FCB-469F-9F50-D442688F2C1F}.Release|Windows-x86.ActiveCfg = Release|Any CPU
		{AE925CBB-0FCB-469F-9F50-D442688F2C1F}.Release|Windows-x86.Build.0 = Release|Any CPU
		{D5140715-7222-4B2B-B911-1AACBE31D112}.Debug|Android.ActiveCfg = Debug|Any CPU
		{D5140715-7222-4B2B-B911-1AACBE31D112}.Debug|Android.Build.0 = Debug|Any CPU
		{D5140715-7222-4B2B-B911-1AACBE31D112}.Debug|Any CPU.ActiveCfg = Debug|Any CPU
		{D5140715-7222-4B2B-B911-1AACBE31D112}.Debug|Any CPU.Build.0 = Debug|Any CPU
		{D5140715-7222-4B2B-B911-1AACBE31D112}.Debug|iOS.ActiveCfg = Debug|Any CPU
		{D5140715-7222-4B2B-B911-1AACBE31D112}.Debug|iOS.Build.0 = Debug|Any CPU
		{D5140715-7222-4B2B-B911-1AACBE31D112}.Debug|Windows Phone (Universal).ActiveCfg = Debug|Any CPU
		{D5140715-7222-4B2B-B911-1AACBE31D112}.Debug|Windows Phone (Universal).Build.0 = Debug|Any CPU
		{D5140715-7222-4B2B-B911-1AACBE31D112}.Debug|Windows Phone 8.ActiveCfg = Debug|Any CPU
		{D5140715-7222-4B2B-B911-1AACBE31D112}.Debug|Windows Phone 8.Build.0 = Debug|Any CPU
		{D5140715-7222-4B2B-B911-1AACBE31D112}.Debug|Windows-AnyCPU.ActiveCfg = Debug|Any CPU
		{D5140715-7222-4B2B-B911-1AACBE31D112}.Debug|Windows-AnyCPU.Build.0 = Debug|Any CPU
		{D5140715-7222-4B2B-B911-1AACBE31D112}.Debug|Windows-ARM.ActiveCfg = Debug|Any CPU
		{D5140715-7222-4B2B-B911-1AACBE31D112}.Debug|Windows-ARM.Build.0 = Debug|Any CPU
		{D5140715-7222-4B2B-B911-1AACBE31D112}.Debug|Windows-x64.ActiveCfg = Debug|Any CPU
		{D5140715-7222-4B2B-B911-1AACBE31D112}.Debug|Windows-x64.Build.0 = Debug|Any CPU
		{D5140715-7222-4B2B-B911-1AACBE31D112}.Debug|Windows-x86.ActiveCfg = Debug|Any CPU
		{D5140715-7222-4B2B-B911-1AACBE31D112}.Debug|Windows-x86.Build.0 = Debug|Any CPU
		{D5140715-7222-4B2B-B911-1AACBE31D112}.Release|Android.ActiveCfg = Release|Any CPU
		{D5140715-7222-4B2B-B911-1AACBE31D112}.Release|Android.Build.0 = Release|Any CPU
		{D5140715-7222-4B2B-B911-1AACBE31D112}.Release|Any CPU.ActiveCfg = Release|Any CPU
		{D5140715-7222-4B2B-B911-1AACBE31D112}.Release|Any CPU.Build.0 = Release|Any CPU
		{D5140715-7222-4B2B-B911-1AACBE31D112}.Release|iOS.ActiveCfg = Release|Any CPU
		{D5140715-7222-4B2B-B911-1AACBE31D112}.Release|iOS.Build.0 = Release|Any CPU
		{D5140715-7222-4B2B-B911-1AACBE31D112}.Release|Windows Phone (Universal).ActiveCfg = Release|Any CPU
		{D5140715-7222-4B2B-B911-1AACBE31D112}.Release|Windows Phone (Universal).Build.0 = Release|Any CPU
		{D5140715-7222-4B2B-B911-1AACBE31D112}.Release|Windows Phone 8.ActiveCfg = Release|Any CPU
		{D5140715-7222-4B2B-B911-1AACBE31D112}.Release|Windows Phone 8.Build.0 = Release|Any CPU
		{D5140715-7222-4B2B-B911-1AACBE31D112}.Release|Windows-AnyCPU.ActiveCfg = Release|Any CPU
		{D5140715-7222-4B2B-B911-1AACBE31D112}.Release|Windows-AnyCPU.Build.0 = Release|Any CPU
		{D5140715-7222-4B2B-B911-1AACBE31D112}.Release|Windows-ARM.ActiveCfg = Release|Any CPU
		{D5140715-7222-4B2B-B911-1AACBE31D112}.Release|Windows-ARM.Build.0 = Release|Any CPU
		{D5140715-7222-4B2B-B911-1AACBE31D112}.Release|Windows-x64.ActiveCfg = Release|Any CPU
		{D5140715-7222-4B2B-B911-1AACBE31D112}.Release|Windows-x64.Build.0 = Release|Any CPU
		{D5140715-7222-4B2B-B911-1AACBE31D112}.Release|Windows-x86.ActiveCfg = Release|Any CPU
		{D5140715-7222-4B2B-B911-1AACBE31D112}.Release|Windows-x86.Build.0 = Release|Any CPU
		{56BC2EDC-23CC-4272-A28A-0F4F50620430}.Debug|Android.ActiveCfg = Debug|Any CPU
		{56BC2EDC-23CC-4272-A28A-0F4F50620430}.Debug|Android.Build.0 = Debug|Any CPU
		{56BC2EDC-23CC-4272-A28A-0F4F50620430}.Debug|Any CPU.ActiveCfg = Debug|Any CPU
		{56BC2EDC-23CC-4272-A28A-0F4F50620430}.Debug|Any CPU.Build.0 = Debug|Any CPU
		{56BC2EDC-23CC-4272-A28A-0F4F50620430}.Debug|iOS.ActiveCfg = Debug|Any CPU
		{56BC2EDC-23CC-4272-A28A-0F4F50620430}.Debug|iOS.Build.0 = Debug|Any CPU
		{56BC2EDC-23CC-4272-A28A-0F4F50620430}.Debug|Windows Phone (Universal).ActiveCfg = Debug|Any CPU
		{56BC2EDC-23CC-4272-A28A-0F4F50620430}.Debug|Windows Phone (Universal).Build.0 = Debug|Any CPU
		{56BC2EDC-23CC-4272-A28A-0F4F50620430}.Debug|Windows Phone 8.ActiveCfg = Debug|Any CPU
		{56BC2EDC-23CC-4272-A28A-0F4F50620430}.Debug|Windows Phone 8.Build.0 = Debug|Any CPU
		{56BC2EDC-23CC-4272-A28A-0F4F50620430}.Debug|Windows-AnyCPU.ActiveCfg = Debug|Any CPU
		{56BC2EDC-23CC-4272-A28A-0F4F50620430}.Debug|Windows-AnyCPU.Build.0 = Debug|Any CPU
		{56BC2EDC-23CC-4272-A28A-0F4F50620430}.Debug|Windows-ARM.ActiveCfg = Debug|Any CPU
		{56BC2EDC-23CC-4272-A28A-0F4F50620430}.Debug|Windows-ARM.Build.0 = Debug|Any CPU
		{56BC2EDC-23CC-4272-A28A-0F4F50620430}.Debug|Windows-x64.ActiveCfg = Debug|Any CPU
		{56BC2EDC-23CC-4272-A28A-0F4F50620430}.Debug|Windows-x64.Build.0 = Debug|Any CPU
		{56BC2EDC-23CC-4272-A28A-0F4F50620430}.Debug|Windows-x86.ActiveCfg = Debug|Any CPU
		{56BC2EDC-23CC-4272-A28A-0F4F50620430}.Debug|Windows-x86.Build.0 = Debug|Any CPU
		{56BC2EDC-23CC-4272-A28A-0F4F50620430}.Release|Android.ActiveCfg = Release|Any CPU
		{56BC2EDC-23CC-4272-A28A-0F4F50620430}.Release|Android.Build.0 = Release|Any CPU
		{56BC2EDC-23CC-4272-A28A-0F4F50620430}.Release|Any CPU.ActiveCfg = Release|Any CPU
		{56BC2EDC-23CC-4272-A28A-0F4F50620430}.Release|Any CPU.Build.0 = Release|Any CPU
		{56BC2EDC-23CC-4272-A28A-0F4F50620430}.Release|iOS.ActiveCfg = Release|Any CPU
		{56BC2EDC-23CC-4272-A28A-0F4F50620430}.Release|iOS.Build.0 = Release|Any CPU
		{56BC2EDC-23CC-4272-A28A-0F4F50620430}.Release|Windows Phone (Universal).ActiveCfg = Release|Any CPU
		{56BC2EDC-23CC-4272-A28A-0F4F50620430}.Release|Windows Phone (Universal).Build.0 = Release|Any CPU
		{56BC2EDC-23CC-4272-A28A-0F4F50620430}.Release|Windows Phone 8.ActiveCfg = Release|Any CPU
		{56BC2EDC-23CC-4272-A28A-0F4F50620430}.Release|Windows Phone 8.Build.0 = Release|Any CPU
		{56BC2EDC-23CC-4272-A28A-0F4F50620430}.Release|Windows-AnyCPU.ActiveCfg = Release|Any CPU
		{56BC2EDC-23CC-4272-A28A-0F4F50620430}.Release|Windows-AnyCPU.Build.0 = Release|Any CPU
		{56BC2EDC-23CC-4272-A28A-0F4F50620430}.Release|Windows-ARM.ActiveCfg = Release|Any CPU
		{56BC2EDC-23CC-4272-A28A-0F4F50620430}.Release|Windows-ARM.Build.0 = Release|Any CPU
		{56BC2EDC-23CC-4272-A28A-0F4F50620430}.Release|Windows-x64.ActiveCfg = Release|Any CPU
		{56BC2EDC-23CC-4272-A28A-0F4F50620430}.Release|Windows-x64.Build.0 = Release|Any CPU
		{56BC2EDC-23CC-4272-A28A-0F4F50620430}.Release|Windows-x86.ActiveCfg = Release|Any CPU
		{56BC2EDC-23CC-4272-A28A-0F4F50620430}.Release|Windows-x86.Build.0 = Release|Any CPU
		{B2832E5B-74EE-4AE4-8E7E-333998822381}.Debug|Android.ActiveCfg = Debug|Any CPU
		{B2832E5B-74EE-4AE4-8E7E-333998822381}.Debug|Android.Build.0 = Debug|Any CPU
		{B2832E5B-74EE-4AE4-8E7E-333998822381}.Debug|Any CPU.ActiveCfg = Debug|Any CPU
		{B2832E5B-74EE-4AE4-8E7E-333998822381}.Debug|Any CPU.Build.0 = Debug|Any CPU
		{B2832E5B-74EE-4AE4-8E7E-333998822381}.Debug|iOS.ActiveCfg = Debug|Any CPU
		{B2832E5B-74EE-4AE4-8E7E-333998822381}.Debug|iOS.Build.0 = Debug|Any CPU
		{B2832E5B-74EE-4AE4-8E7E-333998822381}.Debug|Windows Phone (Universal).ActiveCfg = Debug|Any CPU
		{B2832E5B-74EE-4AE4-8E7E-333998822381}.Debug|Windows Phone (Universal).Build.0 = Debug|Any CPU
		{B2832E5B-74EE-4AE4-8E7E-333998822381}.Debug|Windows Phone 8.ActiveCfg = Debug|Any CPU
		{B2832E5B-74EE-4AE4-8E7E-333998822381}.Debug|Windows Phone 8.Build.0 = Debug|Any CPU
		{B2832E5B-74EE-4AE4-8E7E-333998822381}.Debug|Windows-AnyCPU.ActiveCfg = Debug|Any CPU
		{B2832E5B-74EE-4AE4-8E7E-333998822381}.Debug|Windows-AnyCPU.Build.0 = Debug|Any CPU
		{B2832E5B-74EE-4AE4-8E7E-333998822381}.Debug|Windows-ARM.ActiveCfg = Debug|Any CPU
		{B2832E5B-74EE-4AE4-8E7E-333998822381}.Debug|Windows-ARM.Build.0 = Debug|Any CPU
		{B2832E5B-74EE-4AE4-8E7E-333998822381}.Debug|Windows-x64.ActiveCfg = Debug|Any CPU
		{B2832E5B-74EE-4AE4-8E7E-333998822381}.Debug|Windows-x64.Build.0 = Debug|Any CPU
		{B2832E5B-74EE-4AE4-8E7E-333998822381}.Debug|Windows-x86.ActiveCfg = Debug|Any CPU
		{B2832E5B-74EE-4AE4-8E7E-333998822381}.Debug|Windows-x86.Build.0 = Debug|Any CPU
		{B2832E5B-74EE-4AE4-8E7E-333998822381}.Release|Android.ActiveCfg = Release|Any CPU
		{B2832E5B-74EE-4AE4-8E7E-333998822381}.Release|Android.Build.0 = Release|Any CPU
		{B2832E5B-74EE-4AE4-8E7E-333998822381}.Release|Any CPU.ActiveCfg = Release|Any CPU
		{B2832E5B-74EE-4AE4-8E7E-333998822381}.Release|Any CPU.Build.0 = Release|Any CPU
		{B2832E5B-74EE-4AE4-8E7E-333998822381}.Release|iOS.ActiveCfg = Release|Any CPU
		{B2832E5B-74EE-4AE4-8E7E-333998822381}.Release|iOS.Build.0 = Release|Any CPU
		{B2832E5B-74EE-4AE4-8E7E-333998822381}.Release|Windows Phone (Universal).ActiveCfg = Release|Any CPU
		{B2832E5B-74EE-4AE4-8E7E-333998822381}.Release|Windows Phone (Universal).Build.0 = Release|Any CPU
		{B2832E5B-74EE-4AE4-8E7E-333998822381}.Release|Windows Phone 8.ActiveCfg = Release|Any CPU
		{B2832E5B-74EE-4AE4-8E7E-333998822381}.Release|Windows Phone 8.Build.0 = Release|Any CPU
		{B2832E5B-74EE-4AE4-8E7E-333998822381}.Release|Windows-AnyCPU.ActiveCfg = Release|Any CPU
		{B2832E5B-74EE-4AE4-8E7E-333998822381}.Release|Windows-AnyCPU.Build.0 = Release|Any CPU
		{B2832E5B-74EE-4AE4-8E7E-333998822381}.Release|Windows-ARM.ActiveCfg = Release|Any CPU
		{B2832E5B-74EE-4AE4-8E7E-333998822381}.Release|Windows-ARM.Build.0 = Release|Any CPU
		{B2832E5B-74EE-4AE4-8E7E-333998822381}.Release|Windows-x64.ActiveCfg = Release|Any CPU
		{B2832E5B-74EE-4AE4-8E7E-333998822381}.Release|Windows-x64.Build.0 = Release|Any CPU
		{B2832E5B-74EE-4AE4-8E7E-333998822381}.Release|Windows-x86.ActiveCfg = Release|Any CPU
		{B2832E5B-74EE-4AE4-8E7E-333998822381}.Release|Windows-x86.Build.0 = Release|Any CPU
		{F4DFBFB6-E8A8-4D09-98D3-4EF8699C890E}.Debug|Android.ActiveCfg = Debug|Any CPU
		{F4DFBFB6-E8A8-4D09-98D3-4EF8699C890E}.Debug|Android.Build.0 = Debug|Any CPU
		{F4DFBFB6-E8A8-4D09-98D3-4EF8699C890E}.Debug|Any CPU.ActiveCfg = Debug|Any CPU
		{F4DFBFB6-E8A8-4D09-98D3-4EF8699C890E}.Debug|Any CPU.Build.0 = Debug|Any CPU
		{F4DFBFB6-E8A8-4D09-98D3-4EF8699C890E}.Debug|iOS.ActiveCfg = Debug|Any CPU
		{F4DFBFB6-E8A8-4D09-98D3-4EF8699C890E}.Debug|iOS.Build.0 = Debug|Any CPU
		{F4DFBFB6-E8A8-4D09-98D3-4EF8699C890E}.Debug|Windows Phone (Universal).ActiveCfg = Debug|Any CPU
		{F4DFBFB6-E8A8-4D09-98D3-4EF8699C890E}.Debug|Windows Phone (Universal).Build.0 = Debug|Any CPU
		{F4DFBFB6-E8A8-4D09-98D3-4EF8699C890E}.Debug|Windows Phone 8.ActiveCfg = Debug|Any CPU
		{F4DFBFB6-E8A8-4D09-98D3-4EF8699C890E}.Debug|Windows Phone 8.Build.0 = Debug|Any CPU
		{F4DFBFB6-E8A8-4D09-98D3-4EF8699C890E}.Debug|Windows-AnyCPU.ActiveCfg = Debug|Any CPU
		{F4DFBFB6-E8A8-4D09-98D3-4EF8699C890E}.Debug|Windows-AnyCPU.Build.0 = Debug|Any CPU
		{F4DFBFB6-E8A8-4D09-98D3-4EF8699C890E}.Debug|Windows-ARM.ActiveCfg = Debug|Any CPU
		{F4DFBFB6-E8A8-4D09-98D3-4EF8699C890E}.Debug|Windows-ARM.Build.0 = Debug|Any CPU
		{F4DFBFB6-E8A8-4D09-98D3-4EF8699C890E}.Debug|Windows-x64.ActiveCfg = Debug|Any CPU
		{F4DFBFB6-E8A8-4D09-98D3-4EF8699C890E}.Debug|Windows-x64.Build.0 = Debug|Any CPU
		{F4DFBFB6-E8A8-4D09-98D3-4EF8699C890E}.Debug|Windows-x86.ActiveCfg = Debug|Any CPU
		{F4DFBFB6-E8A8-4D09-98D3-4EF8699C890E}.Debug|Windows-x86.Build.0 = Debug|Any CPU
		{F4DFBFB6-E8A8-4D09-98D3-4EF8699C890E}.Release|Android.ActiveCfg = Release|Any CPU
		{F4DFBFB6-E8A8-4D09-98D3-4EF8699C890E}.Release|Android.Build.0 = Release|Any CPU
		{F4DFBFB6-E8A8-4D09-98D3-4EF8699C890E}.Release|Any CPU.ActiveCfg = Release|Any CPU
		{F4DFBFB6-E8A8-4D09-98D3-4EF8699C890E}.Release|Any CPU.Build.0 = Release|Any CPU
		{F4DFBFB6-E8A8-4D09-98D3-4EF8699C890E}.Release|iOS.ActiveCfg = Release|Any CPU
		{F4DFBFB6-E8A8-4D09-98D3-4EF8699C890E}.Release|iOS.Build.0 = Release|Any CPU
		{F4DFBFB6-E8A8-4D09-98D3-4EF8699C890E}.Release|Windows Phone (Universal).ActiveCfg = Release|Any CPU
		{F4DFBFB6-E8A8-4D09-98D3-4EF8699C890E}.Release|Windows Phone (Universal).Build.0 = Release|Any CPU
		{F4DFBFB6-E8A8-4D09-98D3-4EF8699C890E}.Release|Windows Phone 8.ActiveCfg = Release|Any CPU
		{F4DFBFB6-E8A8-4D09-98D3-4EF8699C890E}.Release|Windows Phone 8.Build.0 = Release|Any CPU
		{F4DFBFB6-E8A8-4D09-98D3-4EF8699C890E}.Release|Windows-AnyCPU.ActiveCfg = Release|Any CPU
		{F4DFBFB6-E8A8-4D09-98D3-4EF8699C890E}.Release|Windows-AnyCPU.Build.0 = Release|Any CPU
		{F4DFBFB6-E8A8-4D09-98D3-4EF8699C890E}.Release|Windows-ARM.ActiveCfg = Release|Any CPU
		{F4DFBFB6-E8A8-4D09-98D3-4EF8699C890E}.Release|Windows-ARM.Build.0 = Release|Any CPU
		{F4DFBFB6-E8A8-4D09-98D3-4EF8699C890E}.Release|Windows-x64.ActiveCfg = Release|Any CPU
		{F4DFBFB6-E8A8-4D09-98D3-4EF8699C890E}.Release|Windows-x64.Build.0 = Release|Any CPU
		{F4DFBFB6-E8A8-4D09-98D3-4EF8699C890E}.Release|Windows-x86.ActiveCfg = Release|Any CPU
		{F4DFBFB6-E8A8-4D09-98D3-4EF8699C890E}.Release|Windows-x86.Build.0 = Release|Any CPU
		{413B85A7-C177-4480-87A5-082E61EFCC24}.Debug|Android.ActiveCfg = Debug|Any CPU
		{413B85A7-C177-4480-87A5-082E61EFCC24}.Debug|Android.Build.0 = Debug|Any CPU
		{413B85A7-C177-4480-87A5-082E61EFCC24}.Debug|Any CPU.ActiveCfg = Debug|Any CPU
		{413B85A7-C177-4480-87A5-082E61EFCC24}.Debug|Any CPU.Build.0 = Debug|Any CPU
		{413B85A7-C177-4480-87A5-082E61EFCC24}.Debug|iOS.ActiveCfg = Debug|Any CPU
		{413B85A7-C177-4480-87A5-082E61EFCC24}.Debug|iOS.Build.0 = Debug|Any CPU
		{413B85A7-C177-4480-87A5-082E61EFCC24}.Debug|Windows Phone (Universal).ActiveCfg = Debug|Any CPU
		{413B85A7-C177-4480-87A5-082E61EFCC24}.Debug|Windows Phone (Universal).Build.0 = Debug|Any CPU
		{413B85A7-C177-4480-87A5-082E61EFCC24}.Debug|Windows Phone 8.ActiveCfg = Debug|Any CPU
		{413B85A7-C177-4480-87A5-082E61EFCC24}.Debug|Windows Phone 8.Build.0 = Debug|Any CPU
		{413B85A7-C177-4480-87A5-082E61EFCC24}.Debug|Windows-AnyCPU.ActiveCfg = Debug|Any CPU
		{413B85A7-C177-4480-87A5-082E61EFCC24}.Debug|Windows-AnyCPU.Build.0 = Debug|Any CPU
		{413B85A7-C177-4480-87A5-082E61EFCC24}.Debug|Windows-ARM.ActiveCfg = Debug|Any CPU
		{413B85A7-C177-4480-87A5-082E61EFCC24}.Debug|Windows-ARM.Build.0 = Debug|Any CPU
		{413B85A7-C177-4480-87A5-082E61EFCC24}.Debug|Windows-x64.ActiveCfg = Debug|Any CPU
		{413B85A7-C177-4480-87A5-082E61EFCC24}.Debug|Windows-x64.Build.0 = Debug|Any CPU
		{413B85A7-C177-4480-87A5-082E61EFCC24}.Debug|Windows-x86.ActiveCfg = Debug|Any CPU
		{413B85A7-C177-4480-87A5-082E61EFCC24}.Debug|Windows-x86.Build.0 = Debug|Any CPU
		{413B85A7-C177-4480-87A5-082E61EFCC24}.Release|Android.ActiveCfg = Release|Any CPU
		{413B85A7-C177-4480-87A5-082E61EFCC24}.Release|Android.Build.0 = Release|Any CPU
		{413B85A7-C177-4480-87A5-082E61EFCC24}.Release|Any CPU.ActiveCfg = Release|Any CPU
		{413B85A7-C177-4480-87A5-082E61EFCC24}.Release|Any CPU.Build.0 = Release|Any CPU
		{413B85A7-C177-4480-87A5-082E61EFCC24}.Release|iOS.ActiveCfg = Release|Any CPU
		{413B85A7-C177-4480-87A5-082E61EFCC24}.Release|iOS.Build.0 = Release|Any CPU
		{413B85A7-C177-4480-87A5-082E61EFCC24}.Release|Windows Phone (Universal).ActiveCfg = Release|Any CPU
		{413B85A7-C177-4480-87A5-082E61EFCC24}.Release|Windows Phone (Universal).Build.0 = Release|Any CPU
		{413B85A7-C177-4480-87A5-082E61EFCC24}.Release|Windows Phone 8.ActiveCfg = Release|Any CPU
		{413B85A7-C177-4480-87A5-082E61EFCC24}.Release|Windows Phone 8.Build.0 = Release|Any CPU
		{413B85A7-C177-4480-87A5-082E61EFCC24}.Release|Windows-AnyCPU.ActiveCfg = Release|Any CPU
		{413B85A7-C177-4480-87A5-082E61EFCC24}.Release|Windows-AnyCPU.Build.0 = Release|Any CPU
		{413B85A7-C177-4480-87A5-082E61EFCC24}.Release|Windows-ARM.ActiveCfg = Release|Any CPU
		{413B85A7-C177-4480-87A5-082E61EFCC24}.Release|Windows-ARM.Build.0 = Release|Any CPU
		{413B85A7-C177-4480-87A5-082E61EFCC24}.Release|Windows-x64.ActiveCfg = Release|Any CPU
		{413B85A7-C177-4480-87A5-082E61EFCC24}.Release|Windows-x64.Build.0 = Release|Any CPU
		{413B85A7-C177-4480-87A5-082E61EFCC24}.Release|Windows-x86.ActiveCfg = Release|Any CPU
		{413B85A7-C177-4480-87A5-082E61EFCC24}.Release|Windows-x86.Build.0 = Release|Any CPU
		{1BEC6163-9789-4D07-BA65-50727A5BF7FB}.Debug|Android.ActiveCfg = Debug|Any CPU
		{1BEC6163-9789-4D07-BA65-50727A5BF7FB}.Debug|Android.Build.0 = Debug|Any CPU
		{1BEC6163-9789-4D07-BA65-50727A5BF7FB}.Debug|Any CPU.ActiveCfg = Debug|Any CPU
		{1BEC6163-9789-4D07-BA65-50727A5BF7FB}.Debug|Any CPU.Build.0 = Debug|Any CPU
		{1BEC6163-9789-4D07-BA65-50727A5BF7FB}.Debug|iOS.ActiveCfg = Debug|Any CPU
		{1BEC6163-9789-4D07-BA65-50727A5BF7FB}.Debug|iOS.Build.0 = Debug|Any CPU
		{1BEC6163-9789-4D07-BA65-50727A5BF7FB}.Debug|Windows Phone (Universal).ActiveCfg = Debug|Any CPU
		{1BEC6163-9789-4D07-BA65-50727A5BF7FB}.Debug|Windows Phone (Universal).Build.0 = Debug|Any CPU
		{1BEC6163-9789-4D07-BA65-50727A5BF7FB}.Debug|Windows Phone 8.ActiveCfg = Debug|Any CPU
		{1BEC6163-9789-4D07-BA65-50727A5BF7FB}.Debug|Windows Phone 8.Build.0 = Debug|Any CPU
		{1BEC6163-9789-4D07-BA65-50727A5BF7FB}.Debug|Windows-AnyCPU.ActiveCfg = Debug|Any CPU
		{1BEC6163-9789-4D07-BA65-50727A5BF7FB}.Debug|Windows-AnyCPU.Build.0 = Debug|Any CPU
		{1BEC6163-9789-4D07-BA65-50727A5BF7FB}.Debug|Windows-ARM.ActiveCfg = Debug|Any CPU
		{1BEC6163-9789-4D07-BA65-50727A5BF7FB}.Debug|Windows-ARM.Build.0 = Debug|Any CPU
		{1BEC6163-9789-4D07-BA65-50727A5BF7FB}.Debug|Windows-x64.ActiveCfg = Debug|Any CPU
		{1BEC6163-9789-4D07-BA65-50727A5BF7FB}.Debug|Windows-x64.Build.0 = Debug|Any CPU
		{1BEC6163-9789-4D07-BA65-50727A5BF7FB}.Debug|Windows-x86.ActiveCfg = Debug|Any CPU
		{1BEC6163-9789-4D07-BA65-50727A5BF7FB}.Debug|Windows-x86.Build.0 = Debug|Any CPU
		{1BEC6163-9789-4D07-BA65-50727A5BF7FB}.Release|Android.ActiveCfg = Release|Any CPU
		{1BEC6163-9789-4D07-BA65-50727A5BF7FB}.Release|Android.Build.0 = Release|Any CPU
		{1BEC6163-9789-4D07-BA65-50727A5BF7FB}.Release|Any CPU.ActiveCfg = Release|Any CPU
		{1BEC6163-9789-4D07-BA65-50727A5BF7FB}.Release|Any CPU.Build.0 = Release|Any CPU
		{1BEC6163-9789-4D07-BA65-50727A5BF7FB}.Release|iOS.ActiveCfg = Release|Any CPU
		{1BEC6163-9789-4D07-BA65-50727A5BF7FB}.Release|iOS.Build.0 = Release|Any CPU
		{1BEC6163-9789-4D07-BA65-50727A5BF7FB}.Release|Windows Phone (Universal).ActiveCfg = Release|Any CPU
		{1BEC6163-9789-4D07-BA65-50727A5BF7FB}.Release|Windows Phone (Universal).Build.0 = Release|Any CPU
		{1BEC6163-9789-4D07-BA65-50727A5BF7FB}.Release|Windows Phone 8.ActiveCfg = Release|Any CPU
		{1BEC6163-9789-4D07-BA65-50727A5BF7FB}.Release|Windows Phone 8.Build.0 = Release|Any CPU
		{1BEC6163-9789-4D07-BA65-50727A5BF7FB}.Release|Windows-AnyCPU.ActiveCfg = Release|Any CPU
		{1BEC6163-9789-4D07-BA65-50727A5BF7FB}.Release|Windows-AnyCPU.Build.0 = Release|Any CPU
		{1BEC6163-9789-4D07-BA65-50727A5BF7FB}.Release|Windows-ARM.ActiveCfg = Release|Any CPU
		{1BEC6163-9789-4D07-BA65-50727A5BF7FB}.Release|Windows-ARM.Build.0 = Release|Any CPU
		{1BEC6163-9789-4D07-BA65-50727A5BF7FB}.Release|Windows-x64.ActiveCfg = Release|Any CPU
		{1BEC6163-9789-4D07-BA65-50727A5BF7FB}.Release|Windows-x64.Build.0 = Release|Any CPU
		{1BEC6163-9789-4D07-BA65-50727A5BF7FB}.Release|Windows-x86.ActiveCfg = Release|Any CPU
		{1BEC6163-9789-4D07-BA65-50727A5BF7FB}.Release|Windows-x86.Build.0 = Release|Any CPU
	EndGlobalSection
	GlobalSection(SolutionProperties) = preSolution
		HideSolutionNode = FALSE
	EndGlobalSection
	GlobalSection(NestedProjects) = preSolution
		{E0380D8E-9E6E-49FF-AA56-0EE36CE18BCB} = {13D86227-FF2B-45F4-8B51-BF304C4B06BB}
		{7B41D15C-999E-4C8A-8348-D6B807325F49} = {13D86227-FF2B-45F4-8B51-BF304C4B06BB}
		{C501C73A-9B7B-44DC-9411-DB8469FDDB98} = {E0380D8E-9E6E-49FF-AA56-0EE36CE18BCB}
		{97DCDFF3-BD16-4FD7-A1C4-16B00314769C} = {7B41D15C-999E-4C8A-8348-D6B807325F49}
		{8AA2512F-EDBE-4239-921B-517BF513FDD1} = {E0380D8E-9E6E-49FF-AA56-0EE36CE18BCB}
		{2DBED5FF-62B2-4968-98F7-74EF80D46C5C} = {7B41D15C-999E-4C8A-8348-D6B807325F49}
		{EC32D8F7-8854-407A-9EA0-A43F1AA347BB} = {3E60AEBE-8A13-459C-A7C0-024D33A3EDC4}
		{C0F91CD6-3D9D-4D43-8593-DBB50D51A3B5} = {3E60AEBE-8A13-459C-A7C0-024D33A3EDC4}
		{9EFB2F75-EEED-4769-846F-45FC325AB71C} = {C501C73A-9B7B-44DC-9411-DB8469FDDB98}
		{E4EF0467-63AA-41AB-B90D-D9537DCF2647} = {C501C73A-9B7B-44DC-9411-DB8469FDDB98}
		{7973B155-93A0-499C-BCB8-AB9E5642C4E3} = {C501C73A-9B7B-44DC-9411-DB8469FDDB98}
		{84E912CD-313F-4FB4-9851-932D623C5636} = {C501C73A-9B7B-44DC-9411-DB8469FDDB98}
		{952BF978-5BFD-4A86-8262-72FA74254B21} = {C501C73A-9B7B-44DC-9411-DB8469FDDB98}
		{EB037F2F-81B5-432D-A614-B5B27CA685CA} = {C501C73A-9B7B-44DC-9411-DB8469FDDB98}
		{279E6A9C-B66C-450F-BC3A-6055EBE7806A} = {C501C73A-9B7B-44DC-9411-DB8469FDDB98}
		{9E033E82-A12F-4EDF-B520-9733B28CED49} = {97DCDFF3-BD16-4FD7-A1C4-16B00314769C}
		{B16A51BF-CF9E-430D-8630-7EDB8CE95445} = {97DCDFF3-BD16-4FD7-A1C4-16B00314769C}
		{D3F764CE-50F3-4FAC-82AB-9AEB45E9B838} = {97DCDFF3-BD16-4FD7-A1C4-16B00314769C}
		{F048B6D6-4296-40B6-AFB0-A75113353813} = {97DCDFF3-BD16-4FD7-A1C4-16B00314769C}
		{38D1647A-F1E4-4D64-8EA7-DFC184AE9301} = {97DCDFF3-BD16-4FD7-A1C4-16B00314769C}
		{B14F42FE-BD33-46AA-8648-FCAC190F433C} = {97DCDFF3-BD16-4FD7-A1C4-16B00314769C}
		{CC62292D-6037-417A-B1D1-D0A65E990172} = {97DCDFF3-BD16-4FD7-A1C4-16B00314769C}
		{AE925CBB-0FCB-469F-9F50-D442688F2C1F} = {8AA2512F-EDBE-4239-921B-517BF513FDD1}
		{D5140715-7222-4B2B-B911-1AACBE31D112} = {8AA2512F-EDBE-4239-921B-517BF513FDD1}
		{56BC2EDC-23CC-4272-A28A-0F4F50620430} = {2DBED5FF-62B2-4968-98F7-74EF80D46C5C}
		{B2832E5B-74EE-4AE4-8E7E-333998822381} = {2DBED5FF-62B2-4968-98F7-74EF80D46C5C}
		{F4DFBFB6-E8A8-4D09-98D3-4EF8699C890E} = {97DCDFF3-BD16-4FD7-A1C4-16B00314769C}
		{413B85A7-C177-4480-87A5-082E61EFCC24} = {C501C73A-9B7B-44DC-9411-DB8469FDDB98}
		{1BEC6163-9789-4D07-BA65-50727A5BF7FB} = {EC32D8F7-8854-407A-9EA0-A43F1AA347BB}
	EndGlobalSection
	GlobalSection(ExtensibilityGlobals) = postSolution
		SolutionGuid = {BFE23AF8-9D13-4247-9379-579CE85117EA}
	EndGlobalSection
EndGlobal
